# THIS IS AN AUTOGENERATED FILE. DO NOT EDIT THIS FILE DIRECTLY.
# yarn lockfile v1


"@colordx/core@^5.0.0":
  version "5.0.3"
  resolved "https://registry.yarnpkg.com/@colordx/core/-/core-5.0.3.tgz#d5021feffd7fbfc103f1347d2cbebb110de0120e"
  integrity sha512-xBQ0MYRTNNxW3mS2sJtlQTT7C3Sasqgh1/PsHva7fyDb5uqYY+gv9V0utDdX8X80mqzbGz3u/IDJdn2d/uW09g==

"@csstools/cascade-layer-name-parser@^3.0.0":
  version "3.0.0"
  resolved "https://registry.yarnpkg.com/@csstools/cascade-layer-name-parser/-/cascade-layer-name-parser-3.0.0.tgz#506c2c67261459b5a1cfc4aa47fd22ae45b1b126"
  integrity sha512-/3iksyevwRfSJx5yH0RkcrcYXwuhMQx3Juqf40t97PeEy2/Mz2TItZ/z/216qpe4GgOyFBP8MKIwVvytzHmfIQ==

"@csstools/css-calc@^3.1.1":
  version "3.1.1"
  resolved "https://registry.yarnpkg.com/@csstools/css-calc/-/css-calc-3.1.1.tgz#78b494996dac41a02797dcca18ac3b46d25b3fd7"
  integrity sha512-HJ26Z/vmsZQqs/o3a6bgKslXGFAungXGbinULZO3eMsOyNJHeBBZfup5FiZInOghgoM4Hwnmw+OgbJCNg1wwUQ==

"@csstools/css-parser-algorithms@^4.0.0":
  version "4.0.0"
  resolved "https://registry.yarnpkg.com/@csstools/css-parser-algorithms/-/css-parser-algorithms-4.0.0.tgz#e1c65dc09378b42f26a111fca7f7075fc2c26164"
  integrity sha512-+B87qS7fIG3L5h3qwJ/IFbjoVoOe/bpOdh9hAjXbvx0o8ImEmUsGXN0inFOnk2ChCFgqkkGFQ+TpM5rbhkKe4w==

"@csstools/css-tokenizer@^4.0.0":
  version "4.0.0"
  resolved "https://registry.yarnpkg.com/@csstools/css-tokenizer/-/css-tokenizer-4.0.0.tgz#798a33950d11226a0ebb6acafa60f5594424967f"
  integrity sha512-QxULHAm7cNu72w97JUNCBFODFaXpbDg+dP8b/oWFAZ2MTRppA3U00Y2L1HqaS4J6yBqxwa/Y3nMBaxVKbB/NsA==

"@csstools/media-query-list-parser@^5.0.0":
  version "5.0.0"
  resolved "https://registry.yarnpkg.com/@csstools/media-query-list-parser/-/media-query-list-parser-5.0.0.tgz#99e8d03ff6f9f8df8cf9876e0f17d075e6dae9e7"
  integrity sha512-T9lXmZOfnam3eMERPsszjY5NK0jX8RmThmmm99FZ8b7z8yMaFZWKwLWGZuTwdO3ddRY5fy13GmmEYZXB4I98Eg==

"@csstools/postcss-is-pseudo-class@^6.0.0":
  version "6.0.0"
  resolved "https://registry.yarnpkg.com/@csstools/postcss-is-pseudo-class/-/postcss-is-pseudo-class-6.0.0.tgz#8acf06fb87c8e22f7bdbb8d7295e1eda8ca4dc0e"
  integrity sha512-1Hdy/ykg9RDo8vU8RiM2o+RaXO39WpFPaIkHxlAEJFofle/lc33tdQMKhBk3jR/Fe+uZNLOs3HlowFafyFptVw==
  dependencies:
    "@csstools/selector-specificity" "^6.0.0"
    postcss-selector-parser "^7.1.1"

"@csstools/postcss-mixins@~1.0.0":
  version "1.0.0"
  resolved "https://registry.yarnpkg.com/@csstools/postcss-mixins/-/postcss-mixins-1.0.0.tgz#c4e1f8dd5f2fa41a7ef6979e95b1621dadb46903"
  integrity sha512-rz6qjT2w9L3k65jGc2dX+3oGiSrYQ70EZPDrINSmSVoVys7lLBFH0tvEa8DW2sr9cbRVD/W+1sy8+7bfu0JUfg==
  dependencies:
    "@csstools/css-parser-algorithms" "^4.0.0"
    "@csstools/css-tokenizer" "^4.0.0"

"@csstools/selector-resolve-nested@^4.0.0":
  version "4.0.0"
  resolved "https://registry.yarnpkg.com/@csstools/selector-resolve-nested/-/selector-resolve-nested-4.0.0.tgz#ccc38c2cdc14c3ddd1d94647803facef654d47e2"
  integrity sha512-9vAPxmp+Dx3wQBIUwc1v7Mdisw1kbbaGqXUM8QLTgWg7SoPGYtXBsMXvsFs/0Bn5yoFhcktzxNZGNaUt0VjgjA==

"@csstools/selector-specificity@^6.0.0":
  version "6.0.0"
  resolved "https://registry.yarnpkg.com/@csstools/selector-specificity/-/selector-specificity-6.0.0.tgz#ef28e27c1ded1d8e5c54879a9399e7055aed1920"
  integrity sha512-4sSgl78OtOXEX/2d++8A83zHNTgwCJMaR24FvsYL7Uf/VS8HZk9PTwR51elTbGqMuwH3szLvvOXEaVnqn0Z3zA==

"@pagefind/darwin-arm64@1.5.2":
  version "1.5.2"
  resolved "https://registry.yarnpkg.com/@pagefind/darwin-arm64/-/darwin-arm64-1.5.2.tgz#965152ffc22bccd8299e065f7cfbc6869a1bffe0"
  integrity sha512-MXpI+7HsAdPkvJ0gk9xj9g541BCqBZOBbdwj9g6lB5LCj6kSV6nqDSjzcAJwvOsfu0fjwvC8hQU+ecfhp+MpiQ==

"@pagefind/darwin-x64@1.5.2":
  version "1.5.2"
  resolved "https://registry.yarnpkg.com/@pagefind/darwin-x64/-/darwin-x64-1.5.2.tgz#b5b9b47673caf7b280891154e2a475abc499fadd"
  integrity sha512-IojxFWMEJe0RQ7PQ3KXQsPIImNsbpPYpoZ+QUDrL8fAl/O27IX+LVLs74/UzEZy5uA2LD8Nz1AiwKr72vrkZQw==

"@pagefind/freebsd-x64@1.5.2":
  version "1.5.2"
  resolved "https://registry.yarnpkg.com/@pagefind/freebsd-x64/-/freebsd-x64-1.5.2.tgz#cf6e279d938c2368731bb6558bf8f66a0c80a269"
  integrity sha512-7EVzo9+0w+2cbe671BtMj10UlNo83I+HrLVLfRxO731svHRJKUfJ/mo05gU14pe9PCfpKNQT8FS3Xc/oDN6pOA==

"@pagefind/linux-arm64@1.5.2":
  version "1.5.2"
  resolved "https://registry.yarnpkg.com/@pagefind/linux-arm64/-/linux-arm64-1.5.2.tgz#8b22cfc1a34c59033c5bd66676b7a86efba0f5f4"
  integrity sha512-Ovt9+K35sqzn8H3ZMXGwls4TD/wMJuvRtShHIsmUQREmaxjrDEX7gHckRCrwYJ4XE1H1p6HkLz3wukrAnsfXQw==

"@pagefind/linux-x64@1.5.2":
  version "1.5.2"
  resolved "https://registry.yarnpkg.com/@pagefind/linux-x64/-/linux-x64-1.5.2.tgz#a733d1c0a9d905311f69f8868771c0cc42909fe4"
  integrity sha512-V+tFqHKXhQKq/WqPBD67AFy7scn1/aZID00ws4fSDd+1daSi5UHR9VVlRrOUYKxn3VuFQYRD7lYXdZK1WED1YA==

"@pagefind/windows-arm64@1.5.2":
  version "1.5.2"
  resolved "https://registry.yarnpkg.com/@pagefind/windows-arm64/-/windows-arm64-1.5.2.tgz#6d6cb395a56136a92b91c0bd866f7fec3b0bbe7c"
  integrity sha512-hN9Nh90fNW61nNRCW9ZyQrAj/mD0eRvmJ8NlTUzkbuW8kIzGJUi3cxjFkEcMZ5h/8FsKWD/VcouZl4yo1F7B6g==

"@pagefind/windows-x64@1.5.2":
  version "1.5.2"
  resolved "https://registry.yarnpkg.com/@pagefind/windows-x64/-/windows-x64-1.5.2.tgz#931fdbc9f00f72057950cd260ef965d4fd02a92e"
  integrity sha512-Fa2Iyw7kaDRzGMfNYNUXNW2zbL5FQVDgSOcbDHdzBrDEdpqOqg8TcZ68F22ol6NJ9IGzvUdmeyZypLW5dyhqsg==

autoprefixer@~10.4.27:
  version "10.4.27"
  resolved "https://registry.yarnpkg.com/autoprefixer/-/autoprefixer-10.4.27.tgz#51ea301a5c3c5f8642f8e564759c4f573be486f2"
  integrity sha512-NP9APE+tO+LuJGn7/9+cohklunJsXWiaWEfV3si4Gi/XHDwVNgkwr1J3RQYFIvPy76GmJ9/bW8vyoU1LcxwKHA==
  dependencies:
    browserslist "^4.28.1"
    caniuse-lite "^1.0.30001774"
    fraction.js "^5.3.4"
    picocolors "^1.1.1"
    postcss-value-parser "^4.2.0"

baguettebox.js@~1.13.0:
  version "1.13.0"
  resolved "https://registry.yarnpkg.com/baguettebox.js/-/baguettebox.js-1.13.0.tgz#b1780104567233eeeee9f7d46e8ed557d8cb5411"
  integrity sha512-/Hsb8QVqNsizgbmdf/Tnt19jF5gMLhkYIboc3jktIR+ftiyCG+hvaM7O025bBUnQtsTcfhuiojALsCB90OpmCQ==

baseline-browser-mapping@^2.9.0:
  version "2.9.19"
  resolved "https://registry.yarnpkg.com/baseline-browser-mapping/-/baseline-browser-mapping-2.9.19.tgz#3e508c43c46d961eb4d7d2e5b8d1dd0f9ee4f488"
  integrity sha512-ipDqC8FrAl/76p2SSWKSI+H9tFwm7vYqXQrItCuiVPt26Km0jS+NzSsBWAaBusvSbQcfJG+JitdMm+wZAgTYqg==

boolbase@^1.0.0:
  version "1.0.0"
  resolved "https://registry.yarnpkg.com/boolbase/-/boolbase-1.0.0.tgz#68dff5fbe60c51eb37725ea9e3ed310dcc1e776e"
  integrity sha512-JZOSA7Mo9sNGB8+UjSgzdLtokWAky1zbztM3WRLCbZ70/3cTANmQmOdR7y2g+J0e2WXywy1yS468tY+IruqEww==

browserslist@*, browserslist@^4.0.0, browserslist@^4.24.5, browserslist@^4.28.1:
  version "4.28.1"
  resolved "https://registry.yarnpkg.com/browserslist/-/browserslist-4.28.1.tgz#7f534594628c53c63101079e27e40de490456a95"
  integrity sha512-ZC5Bd0LgJXgwGqUknZY/vkUQ04r8NXnJZ3yYi4vDmSiZmC/pdSN0NbNRPxZpbtO4uAfDUAFffO8IZoM3Gj8IkA==
  dependencies:
    baseline-browser-mapping "^2.9.0"
    caniuse-lite "^1.0.30001759"
    electron-to-chromium "^1.5.263"
    node-releases "^2.0.27"
    update-browserslist-db "^1.2.0"

caniuse-api@^3.0.0:
  version "3.0.0"
  resolved "https://registry.yarnpkg.com/caniuse-api/-/caniuse-api-3.0.0.tgz#5e4d90e2274961d46291997df599e3ed008ee4c0"
  integrity sha512-bsTwuIg/BZZK/vreVTYYbSWoe2F+71P7K5QGEX+pT250DZbfU1MQ5prOKpPR+LL6uWKK3KMwMCAS74QB3Um1uw==
  dependencies:
    browserslist "^4.0.0"
    caniuse-lite "^1.0.0"
    lodash.memoize "^4.1.2"
    lodash.uniq "^4.5.0"

caniuse-lite@^1.0.0:
  version "1.0.30001752"
  resolved "https://registry.npmjs.org/caniuse-lite/-/caniuse-lite-1.0.30001752.tgz"
  integrity sha512-vKUk7beoukxE47P5gcVNKkDRzXdVofotshHwfR9vmpeFKxmI5PBpgOMC18LUJUA/DvJ70Y7RveasIBraqsyO/g==

caniuse-lite@^1.0.30001759:
  version "1.0.30001764"
  resolved "https://registry.yarnpkg.com/caniuse-lite/-/caniuse-lite-1.0.30001764.tgz#03206c56469f236103b90f9ae10bcb8b9e1f6005"
  integrity sha512-9JGuzl2M+vPL+pz70gtMF9sHdMFbY9FJaQBi186cHKH3pSzDvzoUJUPV6fqiKIMyXbud9ZLg4F3Yza1vJ1+93g==

caniuse-lite@^1.0.30001774:
  version "1.0.30001774"
  resolved "https://registry.yarnpkg.com/caniuse-lite/-/caniuse-lite-1.0.30001774.tgz#0e576b6f374063abcd499d202b9ba1301be29b70"
  integrity sha512-DDdwPGz99nmIEv216hKSgLD+D4ikHQHjBC/seF98N9CPqRX4M5mSxT9eTV6oyisnJcuzxtZy4n17yKKQYmYQOA==

commander@^11.1.0:
  version "11.1.0"
  resolved "https://registry.yarnpkg.com/commander/-/commander-11.1.0.tgz#62fdce76006a68e5c1ab3314dc92e800eb83d906"
  integrity sha512-yPVavfyCcRhmorC7rWlkHn15b4wDVgVmBA7kV4QVBsF7kv/9TKJAbAXVTxvTnwP8HHKjRCJDClKbciiYS7p0DQ==

commander@^8.3.0:
  version "8.3.0"
  resolved "https://registry.yarnpkg.com/commander/-/commander-8.3.0.tgz#4837ea1b2da67b9c616a67afbb0fafee567bca66"
  integrity sha512-OkTL9umf+He2DZkUq8f8J9of7yL6RJKI24dVITBmNfZBmri9zYZQrKkuXiKhyfPSu8tUhnVBB1iKXevvnlR4Ww==

css-declaration-sorter@^7.2.0:
  version "7.2.0"
  resolved "https://registry.yarnpkg.com/css-declaration-sorter/-/css-declaration-sorter-7.2.0.tgz#6dec1c9523bc4a643e088aab8f09e67a54961024"
  integrity sha512-h70rUM+3PNFuaBDTLe8wF/cdWu+dOZmb7pJt8Z2sedYbAcQVQV/tEchueg3GWxwqS0cxtbxmaHEdkNACqcvsow==

css-select@^5.1.0:
  version "5.1.0"
  resolved "https://registry.yarnpkg.com/css-select/-/css-select-5.1.0.tgz#b8ebd6554c3637ccc76688804ad3f6a6fdaea8a6"
  integrity sha512-nwoRF1rvRRnnCqqY7updORDsuqKzqYJ28+oSMaJMMgOauh3fvwHqMS7EZpIPqK8GL+g9mKxF1vP/ZjSeNjEVHg==
  dependencies:
    boolbase "^1.0.0"
    css-what "^6.1.0"
    domhandler "^5.0.2"
    domutils "^3.0.1"
    nth-check "^2.0.1"

css-tree@^3.0.1:
  version "3.1.0"
  resolved "https://registry.yarnpkg.com/css-tree/-/css-tree-3.1.0.tgz#7aabc035f4e66b5c86f54570d55e05b1346eb0fd"
  integrity sha512-0eW44TGN5SQXU1mWSkKwFstI/22X2bG1nYzZTYMAWjylYURhse752YgbE4Cx46AC+bAvI+/dYTPRk1LqSUnu6w==
  dependencies:
    mdn-data "2.12.2"
    source-map-js "^1.0.1"

css-tree@~2.2.0:
  version "2.2.1"
  resolved "https://registry.yarnpkg.com/css-tree/-/css-tree-2.2.1.tgz#36115d382d60afd271e377f9c5f67d02bd48c032"
  integrity sha512-OA0mILzGc1kCOCSJerOeqDxDQ4HOh+G8NbOJFOTgOCzpw7fCBubk0fEyxp8AgOL/jvLgYA/uV0cMbe43ElF1JA==
  dependencies:
    mdn-data "2.0.28"
    source-map-js "^1.0.1"

css-what@^6.1.0:
  version "6.1.0"
  resolved "https://registry.yarnpkg.com/css-what/-/css-what-6.1.0.tgz#fb5effcf76f1ddea2c81bdfaa4de44e79bac70f4"
  integrity sha512-HTUrgRJ7r4dsZKU6GjmpfRK1O76h97Z8MfS1G0FozR+oF2kG6Vfe8JE6zwrkbxigziPHinCJ+gCPjA9EaBDtRw==

cssesc@^3.0.0:
  version "3.0.0"
  resolved "https://registry.yarnpkg.com/cssesc/-/cssesc-3.0.0.tgz#37741919903b868565e1c09ea747445cd18983ee"
  integrity sha512-/Tb/JcjK111nNScGob5MNtsntNM1aCNUDipB/TkwZFhyDrrE47SOx/18wF2bbjgc3ZzCSKW1T5nt5EbFoAz/Vg==

cssnano-preset-default@^7.0.12:
  version "7.0.12"
  resolved "https://registry.yarnpkg.com/cssnano-preset-default/-/cssnano-preset-default-7.0.12.tgz#21e29fed4a8697952485995ffeeec20ff58945a4"
  integrity sha512-B3Eoouzw/sl2zANI0AL9KbacummJTCww+fkHaDBMZad/xuVx8bUduPLly6hKVQAlrmvYkS1jB1CVQEKm3gn0AA==
  dependencies:
    browserslist "^4.28.1"
    css-declaration-sorter "^7.2.0"
    cssnano-utils "^5.0.1"
    postcss-calc "^10.1.1"
    postcss-colormin "^7.0.7"
    postcss-convert-values "^7.0.9"
    postcss-discard-comments "^7.0.6"
    postcss-discard-duplicates "^7.0.2"
    postcss-discard-empty "^7.0.1"
    postcss-discard-overridden "^7.0.1"
    postcss-merge-longhand "^7.0.5"
    postcss-merge-rules "^7.0.8"
    postcss-minify-font-values "^7.0.1"
    postcss-minify-gradients "^7.0.2"
    postcss-minify-params "^7.0.6"
    postcss-minify-selectors "^7.0.6"
    postcss-normalize-charset "^7.0.1"
    postcss-normalize-display-values "^7.0.1"
    postcss-normalize-positions "^7.0.1"
    postcss-normalize-repeat-style "^7.0.1"
    postcss-normalize-string "^7.0.1"
    postcss-normalize-timing-functions "^7.0.1"
    postcss-normalize-unicode "^7.0.6"
    postcss-normalize-url "^7.0.1"
    postcss-normalize-whitespace "^7.0.1"
    postcss-ordered-values "^7.0.2"
    postcss-reduce-initial "^7.0.6"
    postcss-reduce-transforms "^7.0.1"
    postcss-svgo "^7.1.1"
    postcss-unique-selectors "^7.0.5"

cssnano-utils@^5.0.1:
  version "5.0.1"
  resolved "https://registry.yarnpkg.com/cssnano-utils/-/cssnano-utils-5.0.1.tgz#f529e9aa0d7930512ca45b9e2ddb8d6b9092eb30"
  integrity sha512-ZIP71eQgG9JwjVZsTPSqhc6GHgEr53uJ7tK5///VfyWj6Xp2DBmixWHqJgPno+PqATzn48pL42ww9x5SSGmhZg==

cssnano@~7.1.4:
  version "7.1.4"
  resolved "https://registry.yarnpkg.com/cssnano/-/cssnano-7.1.4.tgz#0aa5bb3b481df024ecafd41c4388c06240bb31ec"
  integrity sha512-T9PNS7y+5Nc9Qmu9mRONqfxG1RVY7Vuvky0XN6MZ+9hqplesTEwnj9r0ROtVuSwUVfaDhVlavuzWIVLUgm4hkQ==
  dependencies:
    cssnano-preset-default "^7.0.12"
    lilconfig "^3.1.3"

csso@^5.0.5:
  version "5.0.5"
  resolved "https://registry.yarnpkg.com/csso/-/csso-5.0.5.tgz#f9b7fe6cc6ac0b7d90781bb16d5e9874303e2ca6"
  integrity sha512-0LrrStPOdJj+SPCCrGhzryycLjwcgUSHBtxNA8aIDxf0GLsRh1cKYhB00Gd1lDOS4yGH69+SNn13+TWbVHETFQ==
  dependencies:
    css-tree "~2.2.0"

dom-serializer@^2.0.0:
  version "2.0.0"
  resolved "https://registry.yarnpkg.com/dom-serializer/-/dom-serializer-2.0.0.tgz#e41b802e1eedf9f6cae183ce5e622d789d7d8e53"
  integrity sha512-wIkAryiqt/nV5EQKqQpo3SToSOV9J0DnbJqwK7Wv/Trc92zIAYZ4FlMu+JPFW1DfGFt81ZTCGgDEabffXeLyJg==
  dependencies:
    domelementtype "^2.3.0"
    domhandler "^5.0.2"
    entities "^4.2.0"

domelementtype@^2.3.0:
  version "2.3.0"
  resolved "https://registry.yarnpkg.com/domelementtype/-/domelementtype-2.3.0.tgz#5c45e8e869952626331d7aab326d01daf65d589d"
  integrity sha512-OLETBj6w0OsagBwdXnPdN0cnMfF9opN69co+7ZrbfPGrdpPVNBUj02spi6B1N7wChLQiPn4CSH/zJvXw56gmHw==

domhandler@^5.0.2, domhandler@^5.0.3:
  version "5.0.3"
  resolved "https://registry.yarnpkg.com/domhandler/-/domhandler-5.0.3.tgz#cc385f7f751f1d1fc650c21374804254538c7d31"
  integrity sha512-cgwlv/1iFQiFnU96XXgROh8xTeetsnJiDsTc7TYCLFd9+/WNkIqPTxiM/8pSd8VIrhXGTf1Ny1q1hquVqDJB5w==
  dependencies:
    domelementtype "^2.3.0"

domutils@^3.0.1:
  version "3.2.2"
  resolved "https://registry.yarnpkg.com/domutils/-/domutils-3.2.2.tgz#edbfe2b668b0c1d97c24baf0f1062b132221bc78"
  integrity sha512-6kZKyUajlDuqlHKVX1w7gyslj9MPIXzIFiz/rGu35uC1wMi+kMhQwGhl4lt9unC9Vb9INnY9Z3/ZA3+FhASLaw==
  dependencies:
    dom-serializer "^2.0.0"
    domelementtype "^2.3.0"
    domhandler "^5.0.3"

electron-to-chromium@^1.5.263:
  version "1.5.267"
  resolved "https://registry.yarnpkg.com/electron-to-chromium/-/electron-to-chromium-1.5.267.tgz#5d84f2df8cdb6bfe7e873706bb21bd4bfb574dc7"
  integrity sha512-0Drusm6MVRXSOJpGbaSVgcQsuB4hEkMpHXaVstcPmhu5LIedxs1xNK/nIxmQIU/RPC0+1/o0AVZfBTkTNJOdUw==

entities@^4.2.0:
  version "4.5.0"
  resolved "https://registry.yarnpkg.com/entities/-/entities-4.5.0.tgz#5d268ea5e7113ec74c4d033b79ea5a35a488fb48"
  integrity sha512-V0hjH4dGPh9Ao5p0MoRY6BVqtwCjhz6vI5LT8AJ55H+4g9/4vbHx1I54fS0XuclLhDHArPQCiMjDxjaL8fPxhw==

escalade@^3.2.0:
  version "3.2.0"
  resolved "https://registry.yarnpkg.com/escalade/-/escalade-3.2.0.tgz#011a3f69856ba189dffa7dc8fcce99d2a87903e5"
  integrity sha512-WUj2qlxaQtO4g6Pq5c29GTcWGDyd8itL8zTlipgECz3JesAiiOKotd8JU6otB3PACgG6xkJUyVhboMS+bje/jA==

fraction.js@^5.3.4:
  version "5.3.4"
  resolved "https://registry.yarnpkg.com/fraction.js/-/fraction.js-5.3.4.tgz#8c0fcc6a9908262df4ed197427bdeef563e0699a"
  integrity sha512-1X1NTtiJphryn/uLQz3whtY6jK3fTqoE3ohKs0tT+Ujr1W59oopxmoEh7Lu5p6vBaPbgoM0bzveAW4Qi5RyWDQ==

hls.js@^1.6.15:
  version "1.6.15"
  resolved "https://registry.yarnpkg.com/hls.js/-/hls.js-1.6.15.tgz#9ce13080d143a9bc9b903fb43f081e335b8321e5"
  integrity sha512-E3a5VwgXimGHwpRGV+WxRTKeSp2DW5DI5MWv34ulL3t5UNmyJWCQ1KmLEHbYzcfThfXG8amBL+fCYPneGHC4VA==

katex@~0.16.40:
  version "0.16.40"
  resolved "https://registry.yarnpkg.com/katex/-/katex-0.16.40.tgz#87c94e4149f8fa7c22ff95bae1dc687355a38d63"
  integrity sha512-1DJcK/L05k1Y9Gf7wMcyuqFOL6BiY3vY0CFcAM/LPRN04NALxcl6u7lOWNsp3f/bCHWxigzQl6FbR95XJ4R84Q==
  dependencies:
    commander "^8.3.0"

lilconfig@^3.1.3:
  version "3.1.3"
  resolved "https://registry.yarnpkg.com/lilconfig/-/lilconfig-3.1.3.tgz#a1bcfd6257f9585bf5ae14ceeebb7b559025e4c4"
  integrity sha512-/vlFKAoH5Cgt3Ie+JLhRbwOsCQePABiU3tJ1egGvyQ+33R/vcwM2Zl2QR/LzjsBeItPt3oSVXapn+m4nQDvpzw==

lodash.memoize@^4.1.2:
  version "4.1.2"
  resolved "https://registry.yarnpkg.com/lodash.memoize/-/lodash.memoize-4.1.2.tgz#bcc6c49a42a2840ed997f323eada5ecd182e0bfe"
  integrity sha512-t7j+NzmgnQzTAYXcsHYLgimltOV1MXHtlOWf6GjL9Kj8GK5FInw5JotxvbOs+IvV1/Dzo04/fCGfLVs7aXb4Ag==

lodash.uniq@^4.5.0:
  version "4.5.0"
  resolved "https://registry.yarnpkg.com/lodash.uniq/-/lodash.uniq-4.5.0.tgz#d0225373aeb652adc1bc82e4945339a842754773"
  integrity sha512-xfBaXQd9ryd9dlSDvnvI0lvxfLJlYAZzXomUYzLKtUeOQvOP5piqAWuGtrhWeqaXK9hhoM/iyJc5AV+XfsX3HQ==

mdn-data@2.0.28:
  version "2.0.28"
  resolved "https://registry.yarnpkg.com/mdn-data/-/mdn-data-2.0.28.tgz#5ec48e7bef120654539069e1ae4ddc81ca490eba"
  integrity sha512-aylIc7Z9y4yzHYAJNuESG3hfhC+0Ibp/MAMiaOZgNv4pmEdFyfZhhhny4MNiAfWdBQ1RQ2mfDWmM1x8SvGyp8g==

mdn-data@2.12.2:
  version "2.12.2"
  resolved "https://registry.yarnpkg.com/mdn-data/-/mdn-data-2.12.2.tgz#9ae6c41a9e65adf61318b32bff7b64fbfb13f8cf"
  integrity sha512-IEn+pegP1aManZuckezWCO+XZQDplx1366JoVhTpMpBB1sPey/SbveZQUosKiKiGYjg1wH4pMlNgXbCiYgihQA==

nanoid@^3.3.11:
  version "3.3.11"
  resolved "https://registry.yarnpkg.com/nanoid/-/nanoid-3.3.11.tgz#4f4f112cefbe303202f2199838128936266d185b"
  integrity sha512-N8SpfPUnUp1bK+PMYW8qSWdl9U+wwNWI4QKxOYDy9JAro3WMX7p2OeVRF9v+347pnakNevPmiHhNmZ2HbFA76w==

node-releases@^2.0.27:
  version "2.0.27"
  resolved "https://registry.yarnpkg.com/node-releases/-/node-releases-2.0.27.tgz#eedca519205cf20f650f61d56b070db111231e4e"
  integrity sha512-nmh3lCkYZ3grZvqcCH+fjmQ7X+H0OeZgP40OierEaAptX4XofMh5kwNbWh7lBduUzCcV/8kZ+NDLCwm2iorIlA==

nth-check@^2.0.1:
  version "2.1.1"
  resolved "https://registry.yarnpkg.com/nth-check/-/nth-check-2.1.1.tgz#c9eab428effce36cd6b92c924bdb000ef1f1ed1d"
  integrity sha512-lqjrjmaOoAnWfMmBPL+XNnynZh2+swxiX3WUE0s4yEHI6m+AwrK2UZOimIRl3X/4QctVqS8AiZjFqyOGrMXb/w==
  dependencies:
    boolbase "^1.0.0"

pagefind@^1.5.2:
  version "1.5.2"
  resolved "https://registry.yarnpkg.com/pagefind/-/pagefind-1.5.2.tgz#447dd80018d7fd0c2924a56639f7b72bbbd1f165"
  integrity sha512-XTUaK0hXMCu2jszWE584JGQT7y284TmMV9l/HX3rnG5uo3rHI/uHU56XTyyyPFjeWEBxECbAi0CaFDJOONtG0Q==
  optionalDependencies:
    "@pagefind/darwin-arm64" "1.5.2"
    "@pagefind/darwin-x64" "1.5.2"
    "@pagefind/freebsd-x64" "1.5.2"
    "@pagefind/linux-arm64" "1.5.2"
    "@pagefind/linux-x64" "1.5.2"
    "@pagefind/windows-arm64" "1.5.2"
    "@pagefind/windows-x64" "1.5.2"

picocolors@^1.1.1:
  version "1.1.1"
  resolved "https://registry.yarnpkg.com/picocolors/-/picocolors-1.1.1.tgz#3d321af3eab939b083c8f929a1d12cda81c26b6b"
  integrity sha512-xceH2snhtb5M9liqDsmEw56le376mTZkEX/jEb/RxNFyegNul7eNslCXP9FDj/Lcu0X8KEyMceP2ntpaHrDEVA==

postcss-calc@^10.1.1:
  version "10.1.1"
  resolved "https://registry.yarnpkg.com/postcss-calc/-/postcss-calc-10.1.1.tgz#52b385f2e628239686eb6e3a16207a43f36064ca"
  integrity sha512-NYEsLHh8DgG/PRH2+G9BTuUdtf9ViS+vdoQ0YA5OQdGsfN4ztiwtDWNtBl9EKeqNMFnIu8IKZ0cLxEQ5r5KVMw==
  dependencies:
    postcss-selector-parser "^7.0.0"
    postcss-value-parser "^4.2.0"

postcss-colormin@^7.0.7:
  version "7.0.7"
  resolved "https://registry.yarnpkg.com/postcss-colormin/-/postcss-colormin-7.0.7.tgz#63b42eb2a9cfc092b96b1b758db66dc35a2a3f19"
  integrity sha512-sBQ628lSj3VQpDquQel8Pen5mmjFPsO4pH9lDLaHB1AVkMRHtkl0pRB5DCWznc9upWsxint/kV+AveSj7W1tew==
  dependencies:
    "@colordx/core" "^5.0.0"
    browserslist "^4.28.1"
    caniuse-api "^3.0.0"
    postcss-value-parser "^4.2.0"

postcss-convert-values@^7.0.9:
  version "7.0.9"
  resolved "https://registry.yarnpkg.com/postcss-convert-values/-/postcss-convert-values-7.0.9.tgz#6ada5c2c480f1ddbd4c886339025a916ecc8ff01"
  integrity sha512-l6uATQATZaCa0bckHV+r6dLXfWtUBKXxO3jK+AtxxJJtgMPD+VhhPCCx51I4/5w8U5uHV67g3w7PXj+V3wlMlg==
  dependencies:
    browserslist "^4.28.1"
    postcss-value-parser "^4.2.0"

postcss-custom-media@~12.0.1:
  version "12.0.1"
  resolved "https://registry.yarnpkg.com/postcss-custom-media/-/postcss-custom-media-12.0.1.tgz#92ddc08c0f3140d82e64d26b8481b7be795031b4"
  integrity sha512-66syE14+VeqkUf0rRX0bvbTCbNRJF132jD+ceo8th1dap2YJEAqpdh5uG98CE3IbgHT7m9XM0GIlOazNWqQdeA==
  dependencies:
    "@csstools/cascade-layer-name-parser" "^3.0.0"
    "@csstools/css-parser-algorithms" "^4.0.0"
    "@csstools/css-tokenizer" "^4.0.0"
    "@csstools/media-query-list-parser" "^5.0.0"

postcss-discard-comments@^7.0.6:
  version "7.0.6"
  resolved "https://registry.yarnpkg.com/postcss-discard-comments/-/postcss-discard-comments-7.0.6.tgz#4e9c696a83391d90b3ffa4485ac144e555db443c"
  integrity sha512-Sq+Fzj1Eg5/CPf1ERb0wS1Im5cvE2gDXCE+si4HCn1sf+jpQZxDI4DXEp8t77B/ImzDceWE2ebJQFXdqZ6GRJw==
  dependencies:
    postcss-selector-parser "^7.1.1"

postcss-discard-duplicates@^7.0.2:
  version "7.0.2"
  resolved "https://registry.yarnpkg.com/postcss-discard-duplicates/-/postcss-discard-duplicates-7.0.2.tgz#9cf3e659d4f94b046eef6f93679490c0250a8e4e"
  integrity sha512-eTonaQvPZ/3i1ASDHOKkYwAybiM45zFIc7KXils4mQmHLqIswXD9XNOKEVxtTFnsmwYzF66u4LMgSr0abDlh5w==

postcss-discard-empty@^7.0.1:
  version "7.0.1"
  resolved "https://registry.yarnpkg.com/postcss-discard-empty/-/postcss-discard-empty-7.0.1.tgz#b6c57e8b5c69023169abea30dceb93f98a2ffd9f"
  integrity sha512-cFrJKZvcg/uxB6Ijr4l6qmn3pXQBna9zyrPC+sK0zjbkDUZew+6xDltSF7OeB7rAtzaaMVYSdbod+sZOCWnMOg==

postcss-discard-overridden@^7.0.1:
  version "7.0.1"
  resolved "https://registry.yarnpkg.com/postcss-discard-overridden/-/postcss-discard-overridden-7.0.1.tgz#bd9c9bc5e4548d3b6e67e7f8d64f2c9d745ae2a0"
  integrity sha512-7c3MMjjSZ/qYrx3uc1940GSOzN1Iqjtlqe8uoSg+qdVPYyRb0TILSqqmtlSFuE4mTDECwsm397Ya7iXGzfF7lg==

postcss-merge-longhand@^7.0.5:
  version "7.0.5"
  resolved "https://registry.yarnpkg.com/postcss-merge-longhand/-/postcss-merge-longhand-7.0.5.tgz#e1b126e92f583815482e8b1e82c47d2435a20421"
  integrity sha512-Kpu5v4Ys6QI59FxmxtNB/iHUVDn9Y9sYw66D6+SZoIk4QTz1prC4aYkhIESu+ieG1iylod1f8MILMs1Em3mmIw==
  dependencies:
    postcss-value-parser "^4.2.0"
    stylehacks "^7.0.5"

postcss-merge-rules@^7.0.8:
  version "7.0.8"
  resolved "https://registry.yarnpkg.com/postcss-merge-rules/-/postcss-merge-rules-7.0.8.tgz#d63ce875b9f7880ca4aa89d9ae3eaa3657215f82"
  integrity sha512-BOR1iAM8jnr7zoQSlpeBmCsWV5Uudi/+5j7k05D0O/WP3+OFMPD86c1j/20xiuRtyt45bhxw/7hnhZNhW2mNFA==
  dependencies:
    browserslist "^4.28.1"
    caniuse-api "^3.0.0"
    cssnano-utils "^5.0.1"
    postcss-selector-parser "^7.1.1"

postcss-minify-font-values@^7.0.1:
  version "7.0.1"
  resolved "https://registry.yarnpkg.com/postcss-minify-font-values/-/postcss-minify-font-values-7.0.1.tgz#6fb4770131b31fd5a2014bd84e32f386a3406664"
  integrity sha512-2m1uiuJeTplll+tq4ENOQSzB8LRnSUChBv7oSyFLsJRtUgAAJGP6LLz0/8lkinTgxrmJSPOEhgY1bMXOQ4ZXhQ==
  dependencies:
    postcss-value-parser "^4.2.0"

postcss-minify-gradients@^7.0.2:
  version "7.0.2"
  resolved "https://registry.yarnpkg.com/postcss-minify-gradients/-/postcss-minify-gradients-7.0.2.tgz#7937c8dcbd847f6cfd5b16938500587af8882fea"
  integrity sha512-fVY3AB8Um7SJR5usHqTY2Ngf9qh8IRN+FFzrBP0ONJy6yYXsP7xyjK2BvSAIrpgs1cST+H91V0TXi3diHLYJtw==
  dependencies:
    "@colordx/core" "^5.0.0"
    cssnano-utils "^5.0.1"
    postcss-value-parser "^4.2.0"

postcss-minify-params@^7.0.6:
  version "7.0.6"
  resolved "https://registry.yarnpkg.com/postcss-minify-params/-/postcss-minify-params-7.0.6.tgz#ca0df1bd4eaa70ee7a4ee17f393d275988f44657"
  integrity sha512-YOn02gC68JijlaXVuKvFSCvQOhTpblkcfDre2hb/Aaa58r2BIaK4AtE/cyZf2wV7YKAG+UlP9DT+By0ry1E4VQ==
  dependencies:
    browserslist "^4.28.1"
    cssnano-utils "^5.0.1"
    postcss-value-parser "^4.2.0"

postcss-minify-selectors@^7.0.6:
  version "7.0.6"
  resolved "https://registry.yarnpkg.com/postcss-minify-selectors/-/postcss-minify-selectors-7.0.6.tgz#1e0240e1fa3372d81d3f0586591f1e8d2ae21e16"
  integrity sha512-lIbC0jy3AAwDxEgciZlBullDiMBeBCT+fz5G8RcA9MWqh/hfUkpOI3vNDUNEZHgokaoiv0juB9Y8fGcON7rU/A==
  dependencies:
    cssesc "^3.0.0"
    postcss-selector-parser "^7.1.1"

postcss-nesting@^14.0.0:
  version "14.0.0"
  resolved "https://registry.yarnpkg.com/postcss-nesting/-/postcss-nesting-14.0.0.tgz#5400139a425da2ca8228bc406e67e0e8d344b137"
  integrity sha512-YGFOfVrjxYfeGTS5XctP1WCI5hu8Lr9SmntjfRC+iX5hCihEO+QZl9Ra+pkjqkgoVdDKvb2JccpElcowhZtzpw==
  dependencies:
    "@csstools/selector-resolve-nested" "^4.0.0"
    "@csstools/selector-specificity" "^6.0.0"
    postcss-selector-parser "^7.1.1"

postcss-normalize-charset@^7.0.1:
  version "7.0.1"
  resolved "https://registry.yarnpkg.com/postcss-normalize-charset/-/postcss-normalize-charset-7.0.1.tgz#bccc3f7c5f4440883608eea8b444c8f41ce55ff6"
  integrity sha512-sn413ofhSQHlZFae//m9FTOfkmiZ+YQXsbosqOWRiVQncU2BA3daX3n0VF3cG6rGLSFVc5Di/yns0dFfh8NFgQ==

postcss-normalize-display-values@^7.0.1:
  version "7.0.1"
  resolved "https://registry.yarnpkg.com/postcss-normalize-display-values/-/postcss-normalize-display-values-7.0.1.tgz#feb40277d89a7f677b67a84cac999f0306e38235"
  integrity sha512-E5nnB26XjSYz/mGITm6JgiDpAbVuAkzXwLzRZtts19jHDUBFxZ0BkXAehy0uimrOjYJbocby4FVswA/5noOxrQ==
  dependencies:
    postcss-value-parser "^4.2.0"

postcss-normalize-positions@^7.0.1:
  version "7.0.1"
  resolved "https://registry.yarnpkg.com/postcss-normalize-positions/-/postcss-normalize-positions-7.0.1.tgz#c771c0d33034455205f060b999d8557c2308d22c"
  integrity sha512-pB/SzrIP2l50ZIYu+yQZyMNmnAcwyYb9R1fVWPRxm4zcUFCY2ign7rcntGFuMXDdd9L2pPNUgoODDk91PzRZuQ==
  dependencies:
    postcss-value-parser "^4.2.0"

postcss-normalize-repeat-style@^7.0.1:
  version "7.0.1"
  resolved "https://registry.yarnpkg.com/postcss-normalize-repeat-style/-/postcss-normalize-repeat-style-7.0.1.tgz#05fe4d838eedbd996436c5cab78feef9bb1ae57b"
  integrity sha512-NsSQJ8zj8TIDiF0ig44Byo3Jk9e4gNt9x2VIlJudnQQ5DhWAHJPF4Tr1ITwyHio2BUi/I6Iv0HRO7beHYOloYQ==
  dependencies:
    postcss-value-parser "^4.2.0"

postcss-normalize-string@^7.0.1:
  version "7.0.1"
  resolved "https://registry.yarnpkg.com/postcss-normalize-string/-/postcss-normalize-string-7.0.1.tgz#0f111e7b5dfb6de6ab19f09d9e1c16fabeee232f"
  integrity sha512-QByrI7hAhsoze992kpbMlJSbZ8FuCEc1OT9EFbZ6HldXNpsdpZr+YXC5di3UEv0+jeZlHbZcoCADgb7a+lPmmQ==
  dependencies:
    postcss-value-parser "^4.2.0"

postcss-normalize-timing-functions@^7.0.1:
  version "7.0.1"
  resolved "https://registry.yarnpkg.com/postcss-normalize-timing-functions/-/postcss-normalize-timing-functions-7.0.1.tgz#7b645a36f113fec49d95d56386c9980316c71216"
  integrity sha512-bHifyuuSNdKKsnNJ0s8fmfLMlvsQwYVxIoUBnowIVl2ZAdrkYQNGVB4RxjfpvkMjipqvbz0u7feBZybkl/6NJg==
  dependencies:
    postcss-value-parser "^4.2.0"

postcss-normalize-unicode@^7.0.6:
  version "7.0.6"
  resolved "https://registry.yarnpkg.com/postcss-normalize-unicode/-/postcss-normalize-unicode-7.0.6.tgz#6935d6baf7f7374a34c216a7fe13229acd1073f2"
  integrity sha512-z6bwTV84YW6ZvvNoaNLuzRW4/uWxDKYI1iIDrzk6D2YTL7hICApy+Q1LP6vBEsljX8FM7YSuV9qI79XESd4ddQ==
  dependencies:
    browserslist "^4.28.1"
    postcss-value-parser "^4.2.0"

postcss-normalize-url@^7.0.1:
  version "7.0.1"
  resolved "https://registry.yarnpkg.com/postcss-normalize-url/-/postcss-normalize-url-7.0.1.tgz#d6471a22b6747ce93d7038c16eb9f1ba8b307e25"
  integrity sha512-sUcD2cWtyK1AOL/82Fwy1aIVm/wwj5SdZkgZ3QiUzSzQQofrbq15jWJ3BA7Z+yVRwamCjJgZJN0I9IS7c6tgeQ==
  dependencies:
    postcss-value-parser "^4.2.0"

postcss-normalize-whitespace@^7.0.1:
  version "7.0.1"
  resolved "https://registry.yarnpkg.com/postcss-normalize-whitespace/-/postcss-normalize-whitespace-7.0.1.tgz#ab8e9ff1f3213f3f3851c0a7d0e4ce4716777cea"
  integrity sha512-vsbgFHMFQrJBJKrUFJNZ2pgBeBkC2IvvoHjz1to0/0Xk7sII24T0qFOiJzG6Fu3zJoq/0yI4rKWi7WhApW+EFA==
  dependencies:
    postcss-value-parser "^4.2.0"

postcss-ordered-values@^7.0.2:
  version "7.0.2"
  resolved "https://registry.yarnpkg.com/postcss-ordered-values/-/postcss-ordered-values-7.0.2.tgz#0e803fbb9601e254270481772252de9a8c905f48"
  integrity sha512-AMJjt1ECBffF7CEON/Y0rekRLS6KsePU6PRP08UqYW4UGFRnTXNrByUzYK1h8AC7UWTZdQ9O3Oq9kFIhm0SFEw==
  dependencies:
    cssnano-utils "^5.0.1"
    postcss-value-parser "^4.2.0"

postcss-reduce-initial@^7.0.6:
  version "7.0.6"
  resolved "https://registry.yarnpkg.com/postcss-reduce-initial/-/postcss-reduce-initial-7.0.6.tgz#fa3af45e60cd04d9a3d29315eb97c82b7b447ead"
  integrity sha512-G6ZyK68AmrPdMB6wyeA37ejnnRG2S8xinJrZJnOv+IaRKf6koPAVbQsiC7MfkmXaGmF1UO+QCijb27wfpxuRNg==
  dependencies:
    browserslist "^4.28.1"
    caniuse-api "^3.0.0"

postcss-reduce-transforms@^7.0.1:
  version "7.0.1"
  resolved "https://registry.yarnpkg.com/postcss-reduce-transforms/-/postcss-reduce-transforms-7.0.1.tgz#f87111264b0dfa07e1f708d7e6401578707be5d6"
  integrity sha512-MhyEbfrm+Mlp/36hvZ9mT9DaO7dbncU0CvWI8V93LRkY6IYlu38OPg3FObnuKTUxJ4qA8HpurdQOo5CyqqO76g==
  dependencies:
    postcss-value-parser "^4.2.0"

postcss-selector-parser@^7.0.0, postcss-selector-parser@^7.1.0:
  version "7.1.0"
  resolved "https://registry.yarnpkg.com/postcss-selector-parser/-/postcss-selector-parser-7.1.0.tgz#4d6af97eba65d73bc4d84bcb343e865d7dd16262"
  integrity sha512-8sLjZwK0R+JlxlYcTuVnyT2v+htpdrjDOKuMcOVdYjt52Lh8hWRYpxBPoKx/Zg+bcjc3wx6fmQevMmUztS/ccA==
  dependencies:
    cssesc "^3.0.0"
    util-deprecate "^1.0.2"

postcss-selector-parser@^7.1.1:
  version "7.1.1"
  resolved "https://registry.yarnpkg.com/postcss-selector-parser/-/postcss-selector-parser-7.1.1.tgz#e75d2e0d843f620e5df69076166f4e16f891cb9f"
  integrity sha512-orRsuYpJVw8LdAwqqLykBj9ecS5/cRHlI5+nvTo8LcCKmzDmqVORXtOIYEEQuL9D4BxtA1lm5isAqzQZCoQ6Eg==
  dependencies:
    cssesc "^3.0.0"
    util-deprecate "^1.0.2"

postcss-svgo@^7.1.1:
  version "7.1.1"
  resolved "https://registry.yarnpkg.com/postcss-svgo/-/postcss-svgo-7.1.1.tgz#14b90fd2a1b1f27bcb2d0ef0444f954237e7883c"
  integrity sha512-zU9H9oEDrUFKa0JB7w+IYL7Qs9ey1mZyjhbf0KLxwJDdDRtoPvCmaEfknzqfHj44QS9VD6c5sJnBAVYTLRg/Sg==
  dependencies:
    postcss-value-parser "^4.2.0"
    svgo "^4.0.1"

postcss-unique-selectors@^7.0.5:
  version "7.0.5"
  resolved "https://registry.yarnpkg.com/postcss-unique-selectors/-/postcss-unique-selectors-7.0.5.tgz#a7dd5652c95f459176e5f135c021473e4ee58874"
  integrity sha512-3QoYmEt4qg/rUWDn6Tc8+ZVPmbp4G1hXDtCNWDx0st8SjtCbRcxRXDDM1QrEiXGG3A45zscSJFb4QH90LViyxg==
  dependencies:
    postcss-selector-parser "^7.1.1"

postcss-value-parser@^4.2.0:
  version "4.2.0"
  resolved "https://registry.yarnpkg.com/postcss-value-parser/-/postcss-value-parser-4.2.0.tgz#723c09920836ba6d3e5af019f92bc0971c02e514"
  integrity sha512-1NNCs6uurfkVbeXG4S8JFT9t19m45ICnif8zWLd5oPSZ50QnwMfK+H3jv408d4jw/7Bttv5axS5IiHoLaVNHeQ==

postcss@~8.5.9:
  version "8.5.9"
  resolved "https://registry.yarnpkg.com/postcss/-/postcss-8.5.9.tgz#f6ee9e0b94f0f19c97d2f172bfbd7fc71fe1cca4"
  integrity sha512-7a70Nsot+EMX9fFU3064K/kdHWZqGVY+BADLyXc8Dfv+mTLLVl6JzJpPaCZ2kQL9gIJvKXSLMHhqdRRjwQeFtw==
  dependencies:
    nanoid "^3.3.11"
    picocolors "^1.1.1"
    source-map-js "^1.2.1"

sax@^1.5.0:
  version "1.5.0"
  resolved "https://registry.yarnpkg.com/sax/-/sax-1.5.0.tgz#b5549b671069b7aa392df55ec7574cf411179eb8"
  integrity sha512-21IYA3Q5cQf089Z6tgaUTr7lDAyzoTPx5HRtbhsME8Udispad8dC/+sziTNugOEx54ilvatQ9YCzl4KQLPcRHA==

source-map-js@^1.0.1, source-map-js@^1.2.1:
  version "1.2.1"
  resolved "https://registry.yarnpkg.com/source-map-js/-/source-map-js-1.2.1.tgz#1ce5650fddd87abc099eda37dcff024c2667ae46"
  integrity sha512-UXWMKhLOwVKb728IUtQPXxfYU+usdybtUrK/8uGE8CQMvrhOpwvzDBwj0QhSL7MQc7vIsISBG8VQ8+IDQxpfQA==

split@~1.0.1:
  version "1.0.1"
  resolved "https://registry.yarnpkg.com/split/-/split-1.0.1.tgz#605bd9be303aa59fb35f9229fbea0ddec9ea07d9"
  integrity sha512-mTyOoPbrivtXnwnIxZRFYRrPNtEFKlpB2fvjSnCQUiAA6qAZzqwna5envK4uk6OIeP17CsdF3rSBGYVBsU0Tkg==
  dependencies:
    through "2"

stylehacks@^7.0.5:
  version "7.0.5"
  resolved "https://registry.yarnpkg.com/stylehacks/-/stylehacks-7.0.5.tgz#86985a8c810f88e4a1a34804b0fe350686457ca9"
  integrity sha512-5kNb7V37BNf0Q3w+1pxfa+oiNPS++/b4Jil9e/kPDgrk1zjEd6uR7SZeJiYaLYH6RRSC1XX2/37OTeU/4FvuIA==
  dependencies:
    browserslist "^4.24.5"
    postcss-selector-parser "^7.1.0"

svgo@^4.0.1:
  version "4.0.1"
  resolved "https://registry.yarnpkg.com/svgo/-/svgo-4.0.1.tgz#c82dacd04ee9f1d55cd4e0b7f9a214c86670e3ee"
  integrity sha512-XDpWUOPC6FEibaLzjfe0ucaV0YrOjYotGJO1WpF0Zd+n6ZGEQUsSugaoLq9QkEZtAfQIxT42UChcssDVPP3+/w==
  dependencies:
    commander "^11.1.0"
    css-select "^5.1.0"
    css-tree "^3.0.1"
    css-what "^6.1.0"
    csso "^5.0.5"
    picocolors "^1.1.1"
    sax "^1.5.0"

through@2:
  version "2.3.8"
  resolved "https://registry.yarnpkg.com/through/-/through-2.3.8.tgz#0dd4c9ffaabc357960b1b724115d7e0e86a2e1f5"
  integrity sha1-DdTJ/6q8NXlgsbckEV1+Doai4fU=

update-browserslist-db@^1.2.0:
  version "1.2.3"
  resolved "https://registry.yarnpkg.com/update-browserslist-db/-/update-browserslist-db-1.2.3.tgz#64d76db58713136acbeb4c49114366cc6cc2e80d"
  integrity sha512-Js0m9cx+qOgDxo0eMiFGEueWztz+d4+M3rGlmKPT+T4IS/jP4ylw3Nwpu6cpTTP8R1MAC1kF4VbdLt3ARf209w==
  dependencies:
    escalade "^3.2.0"
    picocolors "^1.1.1"

util-deprecate@^1.0.2:
  version "1.0.2"
  resolved "https://registry.yarnpkg.com/util-deprecate/-/util-deprecate-1.0.2.tgz#450d4dc9fa70de732762fbd2d4a28981419a0ccf"
  integrity sha512-EPD5q1uXyFxJpCrLnCc1nHnq3gOa6DZBocAIiI2TaSCA7VCJ1UJDMagCzIkXNsUYfD1daK//LTEQ8xiIbrHtcw==
