# THIS IS AN AUTOGENERATED FILE. DO NOT EDIT THIS FILE DIRECTLY.
# yarn lockfile v1


"@colordx/core@^5.4.3":
  version "5.4.3"
  resolved "https://registry.yarnpkg.com/@colordx/core/-/core-5.4.3.tgz#35a8d239b324a6cdf9a16de9970a32c8abc24824"
  integrity sha512-kIxYSfA5T8HXjav55UaaH/o/cKivF6jCCGIb8eqtcsfI46wsvlSiT8jMDyrl779qLec3c2c2oHBZo4oAhvbjrQ==

"@csstools/cascade-layer-name-parser@^3.0.0":
  version "3.0.0"
  resolved "https://registry.yarnpkg.com/@csstools/cascade-layer-name-parser/-/cascade-layer-name-parser-3.0.0.tgz#506c2c67261459b5a1cfc4aa47fd22ae45b1b126"
  integrity sha512-/3iksyevwRfSJx5yH0RkcrcYXwuhMQx3Juqf40t97PeEy2/Mz2TItZ/z/216qpe4GgOyFBP8MKIwVvytzHmfIQ==

"@csstools/css-calc@^3.2.1":
  version "3.2.1"
  resolved "https://registry.yarnpkg.com/@csstools/css-calc/-/css-calc-3.2.1.tgz#b30e061ca9f297ccb2b3b032bfee32fda02b1b27"
  integrity sha512-DtdHlgXh5ZkA43cwBcAm+huzgJiwx3ZTWVjBs94kwz2xKqSimDA3lBgCjphYgwgVUMWatSM0pDd8TILB1yrVVg==

"@csstools/css-parser-algorithms@^4.0.0":
  version "4.0.0"
  resolved "https://registry.yarnpkg.com/@csstools/css-parser-algorithms/-/css-parser-algorithms-4.0.0.tgz#e1c65dc09378b42f26a111fca7f7075fc2c26164"
  integrity sha512-+B87qS7fIG3L5h3qwJ/IFbjoVoOe/bpOdh9hAjXbvx0o8ImEmUsGXN0inFOnk2ChCFgqkkGFQ+TpM5rbhkKe4w==

"@csstools/css-tokenizer@^4.0.0":
  version "4.0.0"
  resolved "https://registry.yarnpkg.com/@csstools/css-tokenizer/-/css-tokenizer-4.0.0.tgz#798a33950d11226a0ebb6acafa60f5594424967f"
  integrity sha512-QxULHAm7cNu72w97JUNCBFODFaXpbDg+dP8b/oWFAZ2MTRppA3U00Y2L1HqaS4J6yBqxwa/Y3nMBaxVKbB/NsA==

"@csstools/media-query-list-parser@^5.0.0":
  version "5.0.0"
  resolved "https://registry.yarnpkg.com/@csstools/media-query-list-parser/-/media-query-list-parser-5.0.0.tgz#99e8d03ff6f9f8df8cf9876e0f17d075e6dae9e7"
  integrity sha512-T9lXmZOfnam3eMERPsszjY5NK0jX8RmThmmm99FZ8b7z8yMaFZWKwLWGZuTwdO3ddRY5fy13GmmEYZXB4I98Eg==

"@csstools/postcss-global-data@^4.0.0":
  version "4.0.0"
  resolved "https://registry.yarnpkg.com/@csstools/postcss-global-data/-/postcss-global-data-4.0.0.tgz#f67ce0445ea1bafc9f8ce69169b76180186f0d51"
  integrity sha512-mPKrL3Tzt8k1V+hTkU8XTH6JKRekB97oKHv/MekC9nfmRa+gMf1swlHRt8YK722sYN4xOipl17FZst99jsScLA==

"@csstools/postcss-is-pseudo-class@^6.0.0":
  version "6.0.0"
  resolved "https://registry.yarnpkg.com/@csstools/postcss-is-pseudo-class/-/postcss-is-pseudo-class-6.0.0.tgz#8acf06fb87c8e22f7bdbb8d7295e1eda8ca4dc0e"
  integrity sha512-1Hdy/ykg9RDo8vU8RiM2o+RaXO39WpFPaIkHxlAEJFofle/lc33tdQMKhBk3jR/Fe+uZNLOs3HlowFafyFptVw==
  dependencies:
    "@csstools/selector-specificity" "^6.0.0"
    postcss-selector-parser "^7.1.1"

"@csstools/postcss-mixins@~1.0.0":
  version "1.0.0"
  resolved "https://registry.yarnpkg.com/@csstools/postcss-mixins/-/postcss-mixins-1.0.0.tgz#c4e1f8dd5f2fa41a7ef6979e95b1621dadb46903"
  integrity sha512-rz6qjT2w9L3k65jGc2dX+3oGiSrYQ70EZPDrINSmSVoVys7lLBFH0tvEa8DW2sr9cbRVD/W+1sy8+7bfu0JUfg==
  dependencies:
    "@csstools/css-parser-algorithms" "^4.0.0"
    "@csstools/css-tokenizer" "^4.0.0"

"@csstools/selector-resolve-nested@^4.0.0":
  version "4.0.0"
  resolved "https://registry.yarnpkg.com/@csstools/selector-resolve-nested/-/selector-resolve-nested-4.0.0.tgz#ccc38c2cdc14c3ddd1d94647803facef654d47e2"
  integrity sha512-9vAPxmp+Dx3wQBIUwc1v7Mdisw1kbbaGqXUM8QLTgWg7SoPGYtXBsMXvsFs/0Bn5yoFhcktzxNZGNaUt0VjgjA==

"@csstools/selector-specificity@^6.0.0":
  version "6.0.0"
  resolved "https://registry.yarnpkg.com/@csstools/selector-specificity/-/selector-specificity-6.0.0.tgz#ef28e27c1ded1d8e5c54879a9399e7055aed1920"
  integrity sha512-4sSgl78OtOXEX/2d++8A83zHNTgwCJMaR24FvsYL7Uf/VS8HZk9PTwR51elTbGqMuwH3szLvvOXEaVnqn0Z3zA==

"@csstools/utilities@^3.0.0":
  version "3.0.0"
  resolved "https://registry.yarnpkg.com/@csstools/utilities/-/utilities-3.0.0.tgz#8c07044bd66f08c51f63fe5575a63f1b9a8bec8a"
  integrity sha512-etDqA/4jYvOGBM6yfKCOsEXfH96BKztZdgGmGqKi2xHnDe0ILIBraRspwgYatJH9JsCZ5HCGoCst8w18EKOAdg==

"@pagefind/darwin-arm64@1.5.2":
  version "1.5.2"
  resolved "https://registry.yarnpkg.com/@pagefind/darwin-arm64/-/darwin-arm64-1.5.2.tgz#965152ffc22bccd8299e065f7cfbc6869a1bffe0"
  integrity sha512-MXpI+7HsAdPkvJ0gk9xj9g541BCqBZOBbdwj9g6lB5LCj6kSV6nqDSjzcAJwvOsfu0fjwvC8hQU+ecfhp+MpiQ==

"@pagefind/darwin-x64@1.5.2":
  version "1.5.2"
  resolved "https://registry.yarnpkg.com/@pagefind/darwin-x64/-/darwin-x64-1.5.2.tgz#b5b9b47673caf7b280891154e2a475abc499fadd"
  integrity sha512-IojxFWMEJe0RQ7PQ3KXQsPIImNsbpPYpoZ+QUDrL8fAl/O27IX+LVLs74/UzEZy5uA2LD8Nz1AiwKr72vrkZQw==

"@pagefind/freebsd-x64@1.5.2":
  version "1.5.2"
  resolved "https://registry.yarnpkg.com/@pagefind/freebsd-x64/-/freebsd-x64-1.5.2.tgz#cf6e279d938c2368731bb6558bf8f66a0c80a269"
  integrity sha512-7EVzo9+0w+2cbe671BtMj10UlNo83I+HrLVLfRxO731svHRJKUfJ/mo05gU14pe9PCfpKNQT8FS3Xc/oDN6pOA==

"@pagefind/linux-arm64@1.5.2":
  version "1.5.2"
  resolved "https://registry.yarnpkg.com/@pagefind/linux-arm64/-/linux-arm64-1.5.2.tgz#8b22cfc1a34c59033c5bd66676b7a86efba0f5f4"
  integrity sha512-Ovt9+K35sqzn8H3ZMXGwls4TD/wMJuvRtShHIsmUQREmaxjrDEX7gHckRCrwYJ4XE1H1p6HkLz3wukrAnsfXQw==

"@pagefind/linux-x64@1.5.2":
  version "1.5.2"
  resolved "https://registry.yarnpkg.com/@pagefind/linux-x64/-/linux-x64-1.5.2.tgz#a733d1c0a9d905311f69f8868771c0cc42909fe4"
  integrity sha512-V+tFqHKXhQKq/WqPBD67AFy7scn1/aZID00ws4fSDd+1daSi5UHR9VVlRrOUYKxn3VuFQYRD7lYXdZK1WED1YA==

"@pagefind/windows-arm64@1.5.2":
  version "1.5.2"
  resolved "https://registry.yarnpkg.com/@pagefind/windows-arm64/-/windows-arm64-1.5.2.tgz#6d6cb395a56136a92b91c0bd866f7fec3b0bbe7c"
  integrity sha512-hN9Nh90fNW61nNRCW9ZyQrAj/mD0eRvmJ8NlTUzkbuW8kIzGJUi3cxjFkEcMZ5h/8FsKWD/VcouZl4yo1F7B6g==

"@pagefind/windows-x64@1.5.2":
  version "1.5.2"
  resolved "https://registry.yarnpkg.com/@pagefind/windows-x64/-/windows-x64-1.5.2.tgz#931fdbc9f00f72057950cd260ef965d4fd02a92e"
  integrity sha512-Fa2Iyw7kaDRzGMfNYNUXNW2zbL5FQVDgSOcbDHdzBrDEdpqOqg8TcZ68F22ol6NJ9IGzvUdmeyZypLW5dyhqsg==

autoprefixer@~10.5.0:
  version "10.5.0"
  resolved "https://registry.yarnpkg.com/autoprefixer/-/autoprefixer-10.5.0.tgz#33d87e443430f020a0f85319d6ff1593cb291be9"
  integrity sha512-FMhOoZV4+qR6aTUALKX2rEqGG+oyATvwBt9IIzVR5rMa2HRWPkxf+P+PAJLD1I/H5/II+HuZcBJYEFBpq39ong==
  dependencies:
    browserslist "^4.28.2"
    caniuse-lite "^1.0.30001787"
    fraction.js "^5.3.4"
    picocolors "^1.1.1"
    postcss-value-parser "^4.2.0"

baguettebox.js@~1.13.0:
  version "1.13.0"
  resolved "https://registry.yarnpkg.com/baguettebox.js/-/baguettebox.js-1.13.0.tgz#b1780104567233eeeee9f7d46e8ed557d8cb5411"
  integrity sha512-/Hsb8QVqNsizgbmdf/Tnt19jF5gMLhkYIboc3jktIR+ftiyCG+hvaM7O025bBUnQtsTcfhuiojALsCB90OpmCQ==

baseline-browser-mapping@^2.10.12:
  version "2.10.19"
  resolved "https://registry.yarnpkg.com/baseline-browser-mapping/-/baseline-browser-mapping-2.10.19.tgz#7697721c22f94f66195d0c34299b1a91e3299493"
  integrity sha512-qCkNLi2sfBOn8XhZQ0FXsT1Ki/Yo5P90hrkRamVFRS7/KV9hpfA4HkoWNU152+8w0zPjnxo5psx5NL3PSGgv5g==

boolbase@^1.0.0:
  version "1.0.0"
  resolved "https://registry.yarnpkg.com/boolbase/-/boolbase-1.0.0.tgz#68dff5fbe60c51eb37725ea9e3ed310dcc1e776e"
  integrity sha512-JZOSA7Mo9sNGB8+UjSgzdLtokWAky1zbztM3WRLCbZ70/3cTANmQmOdR7y2g+J0e2WXywy1yS468tY+IruqEww==

browserslist@*, browserslist@^4.0.0, browserslist@^4.28.1, browserslist@^4.28.2:
  version "4.28.2"
  resolved "https://registry.yarnpkg.com/browserslist/-/browserslist-4.28.2.tgz#f50b65362ef48974ca9f50b3680566d786b811d2"
  integrity sha512-48xSriZYYg+8qXna9kwqjIVzuQxi+KYWp2+5nCYnYKPTr0LvD89Jqk2Or5ogxz0NUMfIjhh2lIUX/LyX9B4oIg==
  dependencies:
    baseline-browser-mapping "^2.10.12"
    caniuse-lite "^1.0.30001782"
    electron-to-chromium "^1.5.328"
    node-releases "^2.0.36"
    update-browserslist-db "^1.2.3"

caniuse-api@^4.0.0:
  version "4.0.0"
  resolved "https://registry.yarnpkg.com/caniuse-api/-/caniuse-api-4.0.0.tgz#916db90089176d882d365159f97d9d9900233c8f"
  integrity sha512-B0hQ1OLyJuHTQSOWXvwibWqM6DCoqJdvBA6X1S/53bd4XU7LJ1yurIPlrsouol3mw1jh9pGI4ivubSpmJeIqCA==
  dependencies:
    browserslist "^4.0.0"
    caniuse-lite "^1.0.0"

caniuse-lite@^1.0.0:
  version "1.0.30001752"
  resolved "https://registry.npmjs.org/caniuse-lite/-/caniuse-lite-1.0.30001752.tgz"
  integrity sha512-vKUk7beoukxE47P5gcVNKkDRzXdVofotshHwfR9vmpeFKxmI5PBpgOMC18LUJUA/DvJ70Y7RveasIBraqsyO/g==

caniuse-lite@^1.0.30001782, caniuse-lite@^1.0.30001787:
  version "1.0.30001788"
  resolved "https://registry.yarnpkg.com/caniuse-lite/-/caniuse-lite-1.0.30001788.tgz#31e97d1bfec332b3f2d7eea7781460c97629b3bf"
  integrity sha512-6q8HFp+lOQtcf7wBK+uEenxymVWkGKkjFpCvw5W25cmMwEDU45p1xQFBQv8JDlMMry7eNxyBaR+qxgmTUZkIRQ==

commander@^11.1.0:
  version "11.1.0"
  resolved "https://registry.yarnpkg.com/commander/-/commander-11.1.0.tgz#62fdce76006a68e5c1ab3314dc92e800eb83d906"
  integrity sha512-yPVavfyCcRhmorC7rWlkHn15b4wDVgVmBA7kV4QVBsF7kv/9TKJAbAXVTxvTnwP8HHKjRCJDClKbciiYS7p0DQ==

commander@^8.3.0:
  version "8.3.0"
  resolved "https://registry.yarnpkg.com/commander/-/commander-8.3.0.tgz#4837ea1b2da67b9c616a67afbb0fafee567bca66"
  integrity sha512-OkTL9umf+He2DZkUq8f8J9of7yL6RJKI24dVITBmNfZBmri9zYZQrKkuXiKhyfPSu8tUhnVBB1iKXevvnlR4Ww==

css-select@^5.1.0:
  version "5.1.0"
  resolved "https://registry.yarnpkg.com/css-select/-/css-select-5.1.0.tgz#b8ebd6554c3637ccc76688804ad3f6a6fdaea8a6"
  integrity sha512-nwoRF1rvRRnnCqqY7updORDsuqKzqYJ28+oSMaJMMgOauh3fvwHqMS7EZpIPqK8GL+g9mKxF1vP/ZjSeNjEVHg==
  dependencies:
    boolbase "^1.0.0"
    css-what "^6.1.0"
    domhandler "^5.0.2"
    domutils "^3.0.1"
    nth-check "^2.0.1"

css-tree@^3.0.1:
  version "3.1.0"
  resolved "https://registry.yarnpkg.com/css-tree/-/css-tree-3.1.0.tgz#7aabc035f4e66b5c86f54570d55e05b1346eb0fd"
  integrity sha512-0eW44TGN5SQXU1mWSkKwFstI/22X2bG1nYzZTYMAWjylYURhse752YgbE4Cx46AC+bAvI+/dYTPRk1LqSUnu6w==
  dependencies:
    mdn-data "2.12.2"
    source-map-js "^1.0.1"

css-tree@~2.2.0:
  version "2.2.1"
  resolved "https://registry.yarnpkg.com/css-tree/-/css-tree-2.2.1.tgz#36115d382d60afd271e377f9c5f67d02bd48c032"
  integrity sha512-OA0mILzGc1kCOCSJerOeqDxDQ4HOh+G8NbOJFOTgOCzpw7fCBubk0fEyxp8AgOL/jvLgYA/uV0cMbe43ElF1JA==
  dependencies:
    mdn-data "2.0.28"
    source-map-js "^1.0.1"

css-what@^6.1.0:
  version "6.1.0"
  resolved "https://registry.yarnpkg.com/css-what/-/css-what-6.1.0.tgz#fb5effcf76f1ddea2c81bdfaa4de44e79bac70f4"
  integrity sha512-HTUrgRJ7r4dsZKU6GjmpfRK1O76h97Z8MfS1G0FozR+oF2kG6Vfe8JE6zwrkbxigziPHinCJ+gCPjA9EaBDtRw==

cssesc@^3.0.0:
  version "3.0.0"
  resolved "https://registry.yarnpkg.com/cssesc/-/cssesc-3.0.0.tgz#37741919903b868565e1c09ea747445cd18983ee"
  integrity sha512-/Tb/JcjK111nNScGob5MNtsntNM1aCNUDipB/TkwZFhyDrrE47SOx/18wF2bbjgc3ZzCSKW1T5nt5EbFoAz/Vg==

cssnano-preset-default@^8.0.2:
  version "8.0.2"
  resolved "https://registry.yarnpkg.com/cssnano-preset-default/-/cssnano-preset-default-8.0.2.tgz#f86ae8a7a50c1bade610cdc44dbd171e80b070fe"
  integrity sha512-+jQAqIKCqMmBjZs7741XkilU93ITZ/EW8gjAkMmujdCzfDkfjrDBv2VqkSu29Fzeig/0rZ3S9IAwfPLlmXEUfQ==
  dependencies:
    browserslist "^4.28.2"
    cssnano-utils "^6.0.1"
    postcss-calc "^10.1.1"
    postcss-colormin "^8.0.1"
    postcss-convert-values "^8.0.1"
    postcss-discard-comments "^8.0.1"
    postcss-discard-duplicates "^8.0.1"
    postcss-discard-empty "^8.0.1"
    postcss-discard-overridden "^8.0.1"
    postcss-merge-longhand "^8.0.1"
    postcss-merge-rules "^8.0.1"
    postcss-minify-font-values "^8.0.1"
    postcss-minify-gradients "^8.0.1"
    postcss-minify-params "^8.0.1"
    postcss-minify-selectors "^8.0.2"
    postcss-normalize-charset "^8.0.1"
    postcss-normalize-display-values "^8.0.1"
    postcss-normalize-positions "^8.0.1"
    postcss-normalize-repeat-style "^8.0.1"
    postcss-normalize-string "^8.0.1"
    postcss-normalize-timing-functions "^8.0.1"
    postcss-normalize-unicode "^8.0.1"
    postcss-normalize-url "^8.0.1"
    postcss-normalize-whitespace "^8.0.1"
    postcss-ordered-values "^8.0.1"
    postcss-reduce-initial "^8.0.1"
    postcss-reduce-transforms "^8.0.1"
    postcss-svgo "^8.0.1"
    postcss-unique-selectors "^8.0.1"

cssnano-utils@^6.0.1:
  version "6.0.1"
  resolved "https://registry.yarnpkg.com/cssnano-utils/-/cssnano-utils-6.0.1.tgz#814c1dc1035ef5dcc4fdff28de78c21c1b885312"
  integrity sha512-zk65GIxA8tCjqVk7nTm1mE+ZKxtnxAvU5JSUaBLXbAr3ZF7IOvz3fbPOnEDvZKhnS7GOIitXTS5BgehLzNoc8Q==

cssnano@~8.0.2:
  version "8.0.2"
  resolved "https://registry.yarnpkg.com/cssnano/-/cssnano-8.0.2.tgz#89315dd9f1e64f704915492a7ed75e18075643fb"
  integrity sha512-K+a76gA1v0/CsYgcsE95HGGyIuPKxpQSetwSwz4nHEM8fFXqSkzq2JzEXFL8v5+CCjxzVVVhPcTK3Oo8SaF/xA==
  dependencies:
    cssnano-preset-default "^8.0.2"
    lilconfig "^3.1.3"

csso@^5.0.5:
  version "5.0.5"
  resolved "https://registry.yarnpkg.com/csso/-/csso-5.0.5.tgz#f9b7fe6cc6ac0b7d90781bb16d5e9874303e2ca6"
  integrity sha512-0LrrStPOdJj+SPCCrGhzryycLjwcgUSHBtxNA8aIDxf0GLsRh1cKYhB00Gd1lDOS4yGH69+SNn13+TWbVHETFQ==
  dependencies:
    css-tree "~2.2.0"

dom-serializer@^2.0.0:
  version "2.0.0"
  resolved "https://registry.yarnpkg.com/dom-serializer/-/dom-serializer-2.0.0.tgz#e41b802e1eedf9f6cae183ce5e622d789d7d8e53"
  integrity sha512-wIkAryiqt/nV5EQKqQpo3SToSOV9J0DnbJqwK7Wv/Trc92zIAYZ4FlMu+JPFW1DfGFt81ZTCGgDEabffXeLyJg==
  dependencies:
    domelementtype "^2.3.0"
    domhandler "^5.0.2"
    entities "^4.2.0"

domelementtype@^2.3.0:
  version "2.3.0"
  resolved "https://registry.yarnpkg.com/domelementtype/-/domelementtype-2.3.0.tgz#5c45e8e869952626331d7aab326d01daf65d589d"
  integrity sha512-OLETBj6w0OsagBwdXnPdN0cnMfF9opN69co+7ZrbfPGrdpPVNBUj02spi6B1N7wChLQiPn4CSH/zJvXw56gmHw==

domhandler@^5.0.2, domhandler@^5.0.3:
  version "5.0.3"
  resolved "https://registry.yarnpkg.com/domhandler/-/domhandler-5.0.3.tgz#cc385f7f751f1d1fc650c21374804254538c7d31"
  integrity sha512-cgwlv/1iFQiFnU96XXgROh8xTeetsnJiDsTc7TYCLFd9+/WNkIqPTxiM/8pSd8VIrhXGTf1Ny1q1hquVqDJB5w==
  dependencies:
    domelementtype "^2.3.0"

domutils@^3.0.1:
  version "3.2.2"
  resolved "https://registry.yarnpkg.com/domutils/-/domutils-3.2.2.tgz#edbfe2b668b0c1d97c24baf0f1062b132221bc78"
  integrity sha512-6kZKyUajlDuqlHKVX1w7gyslj9MPIXzIFiz/rGu35uC1wMi+kMhQwGhl4lt9unC9Vb9INnY9Z3/ZA3+FhASLaw==
  dependencies:
    dom-serializer "^2.0.0"
    domelementtype "^2.3.0"
    domhandler "^5.0.3"

electron-to-chromium@^1.5.328:
  version "1.5.336"
  resolved "https://registry.yarnpkg.com/electron-to-chromium/-/electron-to-chromium-1.5.336.tgz#d7c25c0827b8c5e2885b2c91ac6cdcf3e5a1386e"
  integrity sha512-AbH9q9J455r/nLmdNZes0G0ZKcRX73FicwowalLs6ijwOmCJSRRrLX63lcAlzy9ux3dWK1w1+1nsBJEWN11hcQ==

entities@^4.2.0:
  version "4.5.0"
  resolved "https://registry.yarnpkg.com/entities/-/entities-4.5.0.tgz#5d268ea5e7113ec74c4d033b79ea5a35a488fb48"
  integrity sha512-V0hjH4dGPh9Ao5p0MoRY6BVqtwCjhz6vI5LT8AJ55H+4g9/4vbHx1I54fS0XuclLhDHArPQCiMjDxjaL8fPxhw==

escalade@^3.2.0:
  version "3.2.0"
  resolved "https://registry.yarnpkg.com/escalade/-/escalade-3.2.0.tgz#011a3f69856ba189dffa7dc8fcce99d2a87903e5"
  integrity sha512-WUj2qlxaQtO4g6Pq5c29GTcWGDyd8itL8zTlipgECz3JesAiiOKotd8JU6otB3PACgG6xkJUyVhboMS+bje/jA==

fraction.js@^5.3.4:
  version "5.3.4"
  resolved "https://registry.yarnpkg.com/fraction.js/-/fraction.js-5.3.4.tgz#8c0fcc6a9908262df4ed197427bdeef563e0699a"
  integrity sha512-1X1NTtiJphryn/uLQz3whtY6jK3fTqoE3ohKs0tT+Ujr1W59oopxmoEh7Lu5p6vBaPbgoM0bzveAW4Qi5RyWDQ==

hls.js@^1.6.16:
  version "1.6.16"
  resolved "https://registry.yarnpkg.com/hls.js/-/hls.js-1.6.16.tgz#e2e7e79b68357cb3f8aa82dec0a36c9c2701f5c0"
  integrity sha512-VSIRpLfRwlAAdGL4wiTucx2ScRipo0ed1FBatWkyt832jC4CReKstga6yIhYVwGu9LOBjuX9wzmRMeQdBJtzEA==

katex@~0.16.45:
  version "0.16.45"
  resolved "https://registry.yarnpkg.com/katex/-/katex-0.16.45.tgz#ba60d39c54746b6b8d39ce0e7f6eace07143149c"
  integrity sha512-pQpZbdBu7wCTmQUh7ufPmLr0pFoObnGUoL/yhtwJDgmmQpbkg/0HSVti25Fu4rmd1oCR6NGWe9vqTWuWv3GcNA==
  dependencies:
    commander "^8.3.0"

lilconfig@^3.1.3:
  version "3.1.3"
  resolved "https://registry.yarnpkg.com/lilconfig/-/lilconfig-3.1.3.tgz#a1bcfd6257f9585bf5ae14ceeebb7b559025e4c4"
  integrity sha512-/vlFKAoH5Cgt3Ie+JLhRbwOsCQePABiU3tJ1egGvyQ+33R/vcwM2Zl2QR/LzjsBeItPt3oSVXapn+m4nQDvpzw==

mdn-data@2.0.28:
  version "2.0.28"
  resolved "https://registry.yarnpkg.com/mdn-data/-/mdn-data-2.0.28.tgz#5ec48e7bef120654539069e1ae4ddc81ca490eba"
  integrity sha512-aylIc7Z9y4yzHYAJNuESG3hfhC+0Ibp/MAMiaOZgNv4pmEdFyfZhhhny4MNiAfWdBQ1RQ2mfDWmM1x8SvGyp8g==

mdn-data@2.12.2:
  version "2.12.2"
  resolved "https://registry.yarnpkg.com/mdn-data/-/mdn-data-2.12.2.tgz#9ae6c41a9e65adf61318b32bff7b64fbfb13f8cf"
  integrity sha512-IEn+pegP1aManZuckezWCO+XZQDplx1366JoVhTpMpBB1sPey/SbveZQUosKiKiGYjg1wH4pMlNgXbCiYgihQA==

nanoid@^3.3.12:
  version "3.3.13"
  resolved "https://registry.yarnpkg.com/nanoid/-/nanoid-3.3.13.tgz#d9666aa3eb9cebba69b0f8f9b84e509d46933deb"
  integrity sha512-sPdqC6ByMVVGvF1ynvvMo0/o+oD1VX7DaHhijt1bFgjvBkHBib4t49GoNDhf2NDta4oeUNlaGbSt5K7qjZ955Q==

node-releases@^2.0.36:
  version "2.0.37"
  resolved "https://registry.yarnpkg.com/node-releases/-/node-releases-2.0.37.tgz#9bd4f10b77ba39c2b9402d4e8399c482a797f671"
  integrity sha512-1h5gKZCF+pO/o3Iqt5Jp7wc9rH3eJJ0+nh/CIoiRwjRxde/hAHyLPXYN4V3CqKAbiZPSeJFSWHmJsbkicta0Eg==

nth-check@^2.0.1:
  version "2.1.1"
  resolved "https://registry.yarnpkg.com/nth-check/-/nth-check-2.1.1.tgz#c9eab428effce36cd6b92c924bdb000ef1f1ed1d"
  integrity sha512-lqjrjmaOoAnWfMmBPL+XNnynZh2+swxiX3WUE0s4yEHI6m+AwrK2UZOimIRl3X/4QctVqS8AiZjFqyOGrMXb/w==
  dependencies:
    boolbase "^1.0.0"

pagefind@^1.5.2:
  version "1.5.2"
  resolved "https://registry.yarnpkg.com/pagefind/-/pagefind-1.5.2.tgz#447dd80018d7fd0c2924a56639f7b72bbbd1f165"
  integrity sha512-XTUaK0hXMCu2jszWE584JGQT7y284TmMV9l/HX3rnG5uo3rHI/uHU56XTyyyPFjeWEBxECbAi0CaFDJOONtG0Q==
  optionalDependencies:
    "@pagefind/darwin-arm64" "1.5.2"
    "@pagefind/darwin-x64" "1.5.2"
    "@pagefind/freebsd-x64" "1.5.2"
    "@pagefind/linux-arm64" "1.5.2"
    "@pagefind/linux-x64" "1.5.2"
    "@pagefind/windows-arm64" "1.5.2"
    "@pagefind/windows-x64" "1.5.2"

picocolors@^1.1.1:
  version "1.1.1"
  resolved "https://registry.yarnpkg.com/picocolors/-/picocolors-1.1.1.tgz#3d321af3eab939b083c8f929a1d12cda81c26b6b"
  integrity sha512-xceH2snhtb5M9liqDsmEw56le376mTZkEX/jEb/RxNFyegNul7eNslCXP9FDj/Lcu0X8KEyMceP2ntpaHrDEVA==

postcss-calc@^10.1.1:
  version "10.1.1"
  resolved "https://registry.yarnpkg.com/postcss-calc/-/postcss-calc-10.1.1.tgz#52b385f2e628239686eb6e3a16207a43f36064ca"
  integrity sha512-NYEsLHh8DgG/PRH2+G9BTuUdtf9ViS+vdoQ0YA5OQdGsfN4ztiwtDWNtBl9EKeqNMFnIu8IKZ0cLxEQ5r5KVMw==
  dependencies:
    postcss-selector-parser "^7.0.0"
    postcss-value-parser "^4.2.0"

postcss-color-hex-alpha@^11.0.0:
  version "11.0.0"
  resolved "https://registry.yarnpkg.com/postcss-color-hex-alpha/-/postcss-color-hex-alpha-11.0.0.tgz#f9b0d15b98a62b8ec839ee0457209d6266bf82ba"
  integrity sha512-NCGa6vjIyrjosz9GqRxVKbONBklz5TeipYqTJp3IqbnBWlBq5e5EMtG6MaX4vqk9LzocPfMQkuRK9tfk+OQuKg==
  dependencies:
    "@csstools/utilities" "^3.0.0"
    postcss-value-parser "^4.2.0"

postcss-colormin@^8.0.1:
  version "8.0.1"
  resolved "https://registry.yarnpkg.com/postcss-colormin/-/postcss-colormin-8.0.1.tgz#9f22ff7f4580fe996e5187bd6f93b6f8800462a5"
  integrity sha512-qBY4ABQ6d8/mk5RRZHwMllrZMxeMey3azVY2dZUEk+RgiUC4ARdPR3/AITzNqqKTbvW/3y/MJKinDrzwqn8RDQ==
  dependencies:
    "@colordx/core" "^5.4.3"
    browserslist "^4.28.2"
    caniuse-api "^4.0.0"
    postcss-value-parser "^4.2.0"

postcss-convert-values@^8.0.1:
  version "8.0.1"
  resolved "https://registry.yarnpkg.com/postcss-convert-values/-/postcss-convert-values-8.0.1.tgz#e8f52676c17b468a809625df8fa24d7a6768e1f8"
  integrity sha512-IdOSIX3BzfMvCc1TAHIha2gfy17xnb5vfML8e2BIKARnFOghksESfaSAB/3CXgyLfMozZAbTRPVQF5dbuKOidw==
  dependencies:
    browserslist "^4.28.2"
    postcss-value-parser "^4.2.0"

postcss-custom-media@~12.0.1:
  version "12.0.1"
  resolved "https://registry.yarnpkg.com/postcss-custom-media/-/postcss-custom-media-12.0.1.tgz#92ddc08c0f3140d82e64d26b8481b7be795031b4"
  integrity sha512-66syE14+VeqkUf0rRX0bvbTCbNRJF132jD+ceo8th1dap2YJEAqpdh5uG98CE3IbgHT7m9XM0GIlOazNWqQdeA==
  dependencies:
    "@csstools/cascade-layer-name-parser" "^3.0.0"
    "@csstools/css-parser-algorithms" "^4.0.0"
    "@csstools/css-tokenizer" "^4.0.0"
    "@csstools/media-query-list-parser" "^5.0.0"

postcss-custom-properties@^15.0.1:
  version "15.0.1"
  resolved "https://registry.yarnpkg.com/postcss-custom-properties/-/postcss-custom-properties-15.0.1.tgz#d0cff0da504285587ddffa77c934fe654d96893a"
  integrity sha512-cuyq8sd8dLY0GLbelz1KB8IMIoDECo6RVXMeHeXY2Uw3Q05k/d1GVITdaKLsheqrHbnxlwxzSRZQQ5u+rNtbMg==
  dependencies:
    "@csstools/cascade-layer-name-parser" "^3.0.0"
    "@csstools/css-parser-algorithms" "^4.0.0"
    "@csstools/css-tokenizer" "^4.0.0"
    "@csstools/utilities" "^3.0.0"
    postcss-value-parser "^4.2.0"

postcss-discard-comments@^8.0.1:
  version "8.0.1"
  resolved "https://registry.yarnpkg.com/postcss-discard-comments/-/postcss-discard-comments-8.0.1.tgz#1e7a0ac1290dad61525e8cd7c1f8a95c168fbb3b"
  integrity sha512-FDvzm3tXlEsQBO2XQgnta5ugsAqwBrgWH+j5QgXpegEIDYA0VPnZg2aP7LtmWtC49POskeIhXesFiU/k3NyFHA==
  dependencies:
    postcss-selector-parser "^7.1.2"

postcss-discard-duplicates@^8.0.1:
  version "8.0.1"
  resolved "https://registry.yarnpkg.com/postcss-discard-duplicates/-/postcss-discard-duplicates-8.0.1.tgz#4c9e0213cf3ea11ab2f9e79caeb37b2dd8414950"
  integrity sha512-stTDXkI8YkCUfADurQhp03oq5ynsgSx6Qrw5B1swds6oTHtAeOZ9I0SHGK8cY/VpWUsIYFDWMs3IWf9jIEfFvA==

postcss-discard-empty@^8.0.1:
  version "8.0.1"
  resolved "https://registry.yarnpkg.com/postcss-discard-empty/-/postcss-discard-empty-8.0.1.tgz#2a8a1c31404180b9d8d02779fb83414506e32849"
  integrity sha512-Zv4fM1Yfhk71tbt6gfiptbL6jDHi+7apSnaMeaO9n1uET+1embrXQw5m93Zp5x28UyQSuv+AVkFY193jdwZ33w==

postcss-discard-overridden@^8.0.1:
  version "8.0.1"
  resolved "https://registry.yarnpkg.com/postcss-discard-overridden/-/postcss-discard-overridden-8.0.1.tgz#2e53a242060c16315bfc9c73d11dd6e3e8e7fd28"
  integrity sha512-ykt4fvrC7yYGzbxKyqBVjDCbsjF/11JgWK8enrdkobRyqqEtb/uDUCbKOGdvrK8X7BrShW8Lv5cCRNbdkNHGkQ==

postcss-logical@^9.0.0:
  version "9.0.0"
  resolved "https://registry.yarnpkg.com/postcss-logical/-/postcss-logical-9.0.0.tgz#76d09cf580aef4af7987a63a69675e8a84feffa4"
  integrity sha512-A4LNd9dk3q/juEUA9Gd8ALhBO3TeOeYurnyHLlf2aAToD94VHR8c5Uv7KNmf8YVRhTxvWsyug4c5fKtARzyIRQ==
  dependencies:
    postcss-value-parser "^4.2.0"

postcss-merge-longhand@^8.0.1:
  version "8.0.1"
  resolved "https://registry.yarnpkg.com/postcss-merge-longhand/-/postcss-merge-longhand-8.0.1.tgz#bc0e122ca36e3d4e9d3ba8324baef8d387aed295"
  integrity sha512-huTfSYgQ13O81SFvAuOi7GWnO48vvybjj3xF+X3qUoPjzvvaLpJH5DcUqqXcwOEulZUcvaV4s0V9WtWs+IAQPA==
  dependencies:
    postcss-value-parser "^4.2.0"
    stylehacks "^8.0.1"

postcss-merge-rules@^8.0.1:
  version "8.0.1"
  resolved "https://registry.yarnpkg.com/postcss-merge-rules/-/postcss-merge-rules-8.0.1.tgz#f446bcc77d261c73c93606be0b28374e3a014984"
  integrity sha512-o3rk4UpnPNg469tklYwbR/NtvKc/f/wJiVDTnNQ/EFPw/LeiPOHUCvV1GIBQIZHGrBAYdPjToK6a+ojYprsrxQ==
  dependencies:
    browserslist "^4.28.2"
    caniuse-api "^4.0.0"
    cssnano-utils "^6.0.1"
    postcss-selector-parser "^7.1.2"

postcss-minify-font-values@^8.0.1:
  version "8.0.1"
  resolved "https://registry.yarnpkg.com/postcss-minify-font-values/-/postcss-minify-font-values-8.0.1.tgz#2c3d5577e4d3110880defa870c02b7dff5e4bd70"
  integrity sha512-L8Nzs/PRlBSPrLdY/7rAiU5ZN5800+2J/4LRbfyG8SJnPljmgMaXVmQiCklvRS+yObfVRNtvmk/Ean/eoYcSeg==
  dependencies:
    postcss-value-parser "^4.2.0"

postcss-minify-gradients@^8.0.1:
  version "8.0.1"
  resolved "https://registry.yarnpkg.com/postcss-minify-gradients/-/postcss-minify-gradients-8.0.1.tgz#c7a46528a27eed8041b8fec594319ddd8ae6d440"
  integrity sha512-qf+4s/hZMqTwpWN2teqf6+1yvR/SZK5HgHqXYuACeJXV7ABe7AXtBEomgxagUzcN4bSnmqBh5vnIml0dYqykYg==
  dependencies:
    "@colordx/core" "^5.4.3"
    cssnano-utils "^6.0.1"
    postcss-value-parser "^4.2.0"

postcss-minify-params@^8.0.1:
  version "8.0.1"
  resolved "https://registry.yarnpkg.com/postcss-minify-params/-/postcss-minify-params-8.0.1.tgz#8d86e40653b394f7ea8cabd57508cfca787d9b56"
  integrity sha512-L0h3H59deFfFg0wQN1NVaS/8E/LfGvaMuZKGO7siwlG995zo3OshtQyRkqKdVqcBwAORBvZ1nDZrKPLRapYkQw==
  dependencies:
    browserslist "^4.28.2"
    cssnano-utils "^6.0.1"
    postcss-value-parser "^4.2.0"

postcss-minify-selectors@^8.0.2:
  version "8.0.2"
  resolved "https://registry.yarnpkg.com/postcss-minify-selectors/-/postcss-minify-selectors-8.0.2.tgz#e2009337da4684eb8a69d4d7979b9c6c3d60365a"
  integrity sha512-3icdxc/zght5UAizdwqZBDE2KOWHf1jMQCxET6iLACeNlRxfTPyXS0/COpGk8CQ2cECyaEKTRUd/i/k8Gxmz4g==
  dependencies:
    browserslist "^4.28.1"
    caniuse-api "^4.0.0"
    cssesc "^3.0.0"
    postcss-selector-parser "^7.1.2"

postcss-nesting@^14.0.0:
  version "14.0.0"
  resolved "https://registry.yarnpkg.com/postcss-nesting/-/postcss-nesting-14.0.0.tgz#5400139a425da2ca8228bc406e67e0e8d344b137"
  integrity sha512-YGFOfVrjxYfeGTS5XctP1WCI5hu8Lr9SmntjfRC+iX5hCihEO+QZl9Ra+pkjqkgoVdDKvb2JccpElcowhZtzpw==
  dependencies:
    "@csstools/selector-resolve-nested" "^4.0.0"
    "@csstools/selector-specificity" "^6.0.0"
    postcss-selector-parser "^7.1.1"

postcss-normalize-charset@^8.0.1:
  version "8.0.1"
  resolved "https://registry.yarnpkg.com/postcss-normalize-charset/-/postcss-normalize-charset-8.0.1.tgz#6dd83ccb05d649baa83f531bbe3f8b7a4cf0a812"
  integrity sha512-xzqr36F8UeIZOvOHsf3aul+RVJCADvSwuwpMLgizqKjisHZpBfztgW0XFLBfJvz9pJgaStaOXAtGb0zLqT6B0w==

postcss-normalize-display-values@^8.0.1:
  version "8.0.1"
  resolved "https://registry.yarnpkg.com/postcss-normalize-display-values/-/postcss-normalize-display-values-8.0.1.tgz#87f9e873df026dd0dc349e14d1c6bc34d1e9a0a8"
  integrity sha512-ZDWOijOK1FFMlpgiQCUO9fCNKd7HJ9L7z9HWEq4iyubnUFWzdTSwm/LcrMbNW6iZ1oAtqeLYA0WA3xHszOI08g==
  dependencies:
    postcss-value-parser "^4.2.0"

postcss-normalize-positions@^8.0.1:
  version "8.0.1"
  resolved "https://registry.yarnpkg.com/postcss-normalize-positions/-/postcss-normalize-positions-8.0.1.tgz#dd52d34cd3c55ed88bce66eff69215a8478c7004"
  integrity sha512-uuivan2poSqbE48ST4do20dGaFUeXey9/H8rhHzoyVHB2I6BmkoVLZ/C9+BRjUlpaAFYVOoDY7epkiidzaYbvA==
  dependencies:
    postcss-value-parser "^4.2.0"

postcss-normalize-repeat-style@^8.0.1:
  version "8.0.1"
  resolved "https://registry.yarnpkg.com/postcss-normalize-repeat-style/-/postcss-normalize-repeat-style-8.0.1.tgz#f6c3d2e9e3dbcd6eaeeaac5cc3dd755c192c921c"
  integrity sha512-q2hq5fmKxk29K6DjKA3nZ17Q2dtjhLYFNmFweKALmooUqx6UWAHF1bBoWTu/EqlJ88josb82A/J0Atj9LJUmpQ==
  dependencies:
    postcss-value-parser "^4.2.0"

postcss-normalize-string@^8.0.1:
  version "8.0.1"
  resolved "https://registry.yarnpkg.com/postcss-normalize-string/-/postcss-normalize-string-8.0.1.tgz#1f1d191b8f048c85940d192889b1825459cc1b26"
  integrity sha512-+Wf+kQJhm1WgSGEAuUaswE9rdpR9QbrKRVemcVHs6rhOoOTVIdAbgaicftfYA6vLM346P8onRzkEVbFN29ktKQ==
  dependencies:
    postcss-value-parser "^4.2.0"

postcss-normalize-timing-functions@^8.0.1:
  version "8.0.1"
  resolved "https://registry.yarnpkg.com/postcss-normalize-timing-functions/-/postcss-normalize-timing-functions-8.0.1.tgz#124edc670bda97655866c812acf1acc741c7925f"
  integrity sha512-W8/tvwRlm3T+yjGkg0IRTF4bvHj0vILYr/LOogCrJKHz2ey2HFRwfsAA8Bk9N4BGR7z7WmmDu/KzzwhJ6FoGPQ==
  dependencies:
    postcss-value-parser "^4.2.0"

postcss-normalize-unicode@^8.0.1:
  version "8.0.1"
  resolved "https://registry.yarnpkg.com/postcss-normalize-unicode/-/postcss-normalize-unicode-8.0.1.tgz#b85618f65b9c1a03e42186e9c8fb1fc98054394a"
  integrity sha512-Ad0YHNRBp4WHEOYUM/4wL/8MoL2fimEF8se/0q+Rt/owMzYpbxsypC1P8fN/oluwoRmRKdNVX7X2oycEobPWcQ==
  dependencies:
    browserslist "^4.28.2"
    postcss-value-parser "^4.2.0"

postcss-normalize-url@^8.0.1:
  version "8.0.1"
  resolved "https://registry.yarnpkg.com/postcss-normalize-url/-/postcss-normalize-url-8.0.1.tgz#b12741137c47eb497a4bed37cc3e57e4ad547566"
  integrity sha512-tkYcip6pCDY806xuxpJYqMW2M3/623jzGFJmz3m5Us47q8P28+gbRZxaea3Rr/CmwwLUiVlh+BTGYwQ6gvaP8A==
  dependencies:
    postcss-value-parser "^4.2.0"

postcss-normalize-whitespace@^8.0.1:
  version "8.0.1"
  resolved "https://registry.yarnpkg.com/postcss-normalize-whitespace/-/postcss-normalize-whitespace-8.0.1.tgz#1f7aacbc5aee6b2151d98d0d00dad567ea486e7a"
  integrity sha512-XzORadNfSrKWDZZpgAEHPKINKx8r9r9RIfE9c70g/HThdpbmPHhDYCodHSVESDxmKeySAYw1p4liuBCf7j6LyA==
  dependencies:
    postcss-value-parser "^4.2.0"

postcss-ordered-values@^8.0.1:
  version "8.0.1"
  resolved "https://registry.yarnpkg.com/postcss-ordered-values/-/postcss-ordered-values-8.0.1.tgz#b3ee8d36f0577fab8ba1f1803605afc32e956b8e"
  integrity sha512-OLXq5lR1yk3KWQ1FPK6aWjFFdktHE9f9kb8cnt4LmIw7w30DnzgD9+sOVYJc5HenkWCX8i1MJhhFwmqc/GYqLg==
  dependencies:
    cssnano-utils "^6.0.1"
    postcss-value-parser "^4.2.0"

postcss-reduce-initial@^8.0.1:
  version "8.0.1"
  resolved "https://registry.yarnpkg.com/postcss-reduce-initial/-/postcss-reduce-initial-8.0.1.tgz#b0691db60901838910d40642363f99d213ba9682"
  integrity sha512-+aQsR6+61KRoIfcFNLP3v9RM7+0iYOTtPnjl1wr6JqMW1zx6S+t2ktHRefXwacFdHIDj5+ETG0KY7K3+SGQ4Nw==
  dependencies:
    browserslist "^4.28.2"
    caniuse-api "^4.0.0"

postcss-reduce-transforms@^8.0.1:
  version "8.0.1"
  resolved "https://registry.yarnpkg.com/postcss-reduce-transforms/-/postcss-reduce-transforms-8.0.1.tgz#1f5955593e7a82cbb60887a1058ccf58420595a2"
  integrity sha512-x71slHVykiFi5RuKEXM0wgYpY2PngC78x6R8TnZhHF3lhqt+u/w3MGwYLX+2t5O87ssRiMfEAhQH+3J4QwVzCw==
  dependencies:
    postcss-value-parser "^4.2.0"

postcss-selector-parser@^7.0.0:
  version "7.1.0"
  resolved "https://registry.yarnpkg.com/postcss-selector-parser/-/postcss-selector-parser-7.1.0.tgz#4d6af97eba65d73bc4d84bcb343e865d7dd16262"
  integrity sha512-8sLjZwK0R+JlxlYcTuVnyT2v+htpdrjDOKuMcOVdYjt52Lh8hWRYpxBPoKx/Zg+bcjc3wx6fmQevMmUztS/ccA==
  dependencies:
    cssesc "^3.0.0"
    util-deprecate "^1.0.2"

postcss-selector-parser@^7.1.1:
  version "7.1.1"
  resolved "https://registry.yarnpkg.com/postcss-selector-parser/-/postcss-selector-parser-7.1.1.tgz#e75d2e0d843f620e5df69076166f4e16f891cb9f"
  integrity sha512-orRsuYpJVw8LdAwqqLykBj9ecS5/cRHlI5+nvTo8LcCKmzDmqVORXtOIYEEQuL9D4BxtA1lm5isAqzQZCoQ6Eg==
  dependencies:
    cssesc "^3.0.0"
    util-deprecate "^1.0.2"

postcss-selector-parser@^7.1.2:
  version "7.1.4"
  resolved "https://registry.yarnpkg.com/postcss-selector-parser/-/postcss-selector-parser-7.1.4.tgz#69dc7a526517572ff6b150e352b36a016017b485"
  integrity sha512-HeP7D2wyhkR+XaK6v4W8oRF62Dsz4flyuczALJp61GckGm42u1saSSJ/0auvcBqxs3jMRFEcPK34At/0JBKdOg==
  dependencies:
    cssesc "^3.0.0"
    util-deprecate "^1.0.2"

postcss-svgo@^8.0.1:
  version "8.0.1"
  resolved "https://registry.yarnpkg.com/postcss-svgo/-/postcss-svgo-8.0.1.tgz#4f900842a54309756574790cd190c231375c3a4a"
  integrity sha512-HpnvWii7W0/FPrsejJa6ZTi0kNtTJP/Iba7CUMPX0xPV6QpnndOp+SDP74tFtgjA2cYKYNWJPOlmLXMsvi/9yA==
  dependencies:
    postcss-value-parser "^4.2.0"
    svgo "^4.0.1"

postcss-unique-selectors@^8.0.1:
  version "8.0.1"
  resolved "https://registry.yarnpkg.com/postcss-unique-selectors/-/postcss-unique-selectors-8.0.1.tgz#b40ded017490c0ebc9a987f3454fb25062c23360"
  integrity sha512-+xvKI5+/Cl8yYQwxDV39Uhuc4WV951xngFvPPjiPj2NIbIfm6vbbRTXblyw0FioLkIoGlw+7qUcY1h2YhaZYgw==
  dependencies:
    postcss-selector-parser "^7.1.2"

postcss-value-parser@^4.2.0:
  version "4.2.0"
  resolved "https://registry.yarnpkg.com/postcss-value-parser/-/postcss-value-parser-4.2.0.tgz#723c09920836ba6d3e5af019f92bc0971c02e514"
  integrity sha512-1NNCs6uurfkVbeXG4S8JFT9t19m45ICnif8zWLd5oPSZ50QnwMfK+H3jv408d4jw/7Bttv5axS5IiHoLaVNHeQ==

postcss@~8.5.15:
  version "8.5.15"
  resolved "https://registry.yarnpkg.com/postcss/-/postcss-8.5.15.tgz#d1eaf677a324e9ec02196da2d3fecf4a0b9a735c"
  integrity sha512-FfR8sjd4em2T6fb3I2MwAJU7HWVMr9zba+enmQeeWFfCbm+UOC/0X4DS8XtpUTMwWMGbjKYP7xjfNekzyGmB3A==
  dependencies:
    nanoid "^3.3.12"
    picocolors "^1.1.1"
    source-map-js "^1.2.1"

sax@^1.5.0:
  version "1.5.0"
  resolved "https://registry.yarnpkg.com/sax/-/sax-1.5.0.tgz#b5549b671069b7aa392df55ec7574cf411179eb8"
  integrity sha512-21IYA3Q5cQf089Z6tgaUTr7lDAyzoTPx5HRtbhsME8Udispad8dC/+sziTNugOEx54ilvatQ9YCzl4KQLPcRHA==

source-map-js@^1.0.1, source-map-js@^1.2.1:
  version "1.2.1"
  resolved "https://registry.yarnpkg.com/source-map-js/-/source-map-js-1.2.1.tgz#1ce5650fddd87abc099eda37dcff024c2667ae46"
  integrity sha512-UXWMKhLOwVKb728IUtQPXxfYU+usdybtUrK/8uGE8CQMvrhOpwvzDBwj0QhSL7MQc7vIsISBG8VQ8+IDQxpfQA==

split@~1.0.1:
  version "1.0.1"
  resolved "https://registry.yarnpkg.com/split/-/split-1.0.1.tgz#605bd9be303aa59fb35f9229fbea0ddec9ea07d9"
  integrity sha512-mTyOoPbrivtXnwnIxZRFYRrPNtEFKlpB2fvjSnCQUiAA6qAZzqwna5envK4uk6OIeP17CsdF3rSBGYVBsU0Tkg==
  dependencies:
    through "2"

stylehacks@^8.0.1:
  version "8.0.1"
  resolved "https://registry.yarnpkg.com/stylehacks/-/stylehacks-8.0.1.tgz#01b545dafaecdf871854dd74f9e001ff2d9233d4"
  integrity sha512-Gv095oTD0N+BdJALNFDsxZpETHZLTxbOl5RyIO7y6VAE6sR3z0MnV3Nix7N0IATNldNTrkvSASp2KR1Yt526HA==
  dependencies:
    browserslist "^4.28.2"
    postcss-selector-parser "^7.1.2"

svgo@^4.0.1:
  version "4.0.1"
  resolved "https://registry.yarnpkg.com/svgo/-/svgo-4.0.1.tgz#c82dacd04ee9f1d55cd4e0b7f9a214c86670e3ee"
  integrity sha512-XDpWUOPC6FEibaLzjfe0ucaV0YrOjYotGJO1WpF0Zd+n6ZGEQUsSugaoLq9QkEZtAfQIxT42UChcssDVPP3+/w==
  dependencies:
    commander "^11.1.0"
    css-select "^5.1.0"
    css-tree "^3.0.1"
    css-what "^6.1.0"
    csso "^5.0.5"
    picocolors "^1.1.1"
    sax "^1.5.0"

through@2:
  version "2.3.8"
  resolved "https://registry.yarnpkg.com/through/-/through-2.3.8.tgz#0dd4c9ffaabc357960b1b724115d7e0e86a2e1f5"
  integrity sha1-DdTJ/6q8NXlgsbckEV1+Doai4fU=

update-browserslist-db@^1.2.3:
  version "1.2.3"
  resolved "https://registry.yarnpkg.com/update-browserslist-db/-/update-browserslist-db-1.2.3.tgz#64d76db58713136acbeb4c49114366cc6cc2e80d"
  integrity sha512-Js0m9cx+qOgDxo0eMiFGEueWztz+d4+M3rGlmKPT+T4IS/jP4ylw3Nwpu6cpTTP8R1MAC1kF4VbdLt3ARf209w==
  dependencies:
    escalade "^3.2.0"
    picocolors "^1.1.1"

util-deprecate@^1.0.2:
  version "1.0.2"
  resolved "https://registry.yarnpkg.com/util-deprecate/-/util-deprecate-1.0.2.tgz#450d4dc9fa70de732762fbd2d4a28981419a0ccf"
  integrity sha512-EPD5q1uXyFxJpCrLnCc1nHnq3gOa6DZBocAIiI2TaSCA7VCJ1UJDMagCzIkXNsUYfD1daK//LTEQ8xiIbrHtcw==
